// !$*UTF8*$!
{
	archiveVersion = 1;
	classes = {};
	objectVersion = 56;
	objects = {

/* Begin PBXBuildFile section */
		8DA319832A313B1425711447 /* MainTabView.swift in Sources */ = {isa = PBXBuildFile; fileRef = F8B22AE897A199DE54EE542C; };
		1656355B6197BE6BB60981FD /* NavigationRouter.swift in Sources */ = {isa = PBXBuildFile; fileRef = CAE4A9D9EFACEECDCFCB9D0E; };
		7F30EDAA08E1B9BDA5E936B0 /* RootView.swift in Sources */ = {isa = PBXBuildFile; fileRef = 92432B8C1D407E054140A102; };
		6FAA66083B086FDF8C9DC2DD /* StickDeathInfinityApp.swift in Sources */ = {isa = PBXBuildFile; fileRef = 1B3350E0244E8BACDF9F3B32; };
		49695CD7541664114A7C8316 /* ThemeManager.swift in Sources */ = {isa = PBXBuildFile; fileRef = 4C93D0967C249C4E3725667D; };
		326A29FC3395CC77F7906963 /* Models.swift in Sources */ = {isa = PBXBuildFile; fileRef = A7589F025E96029E0804E635; };
		CD971E60CF5A99F97DC729E3 /* AIService.swift in Sources */ = {isa = PBXBuildFile; fileRef = FCCCBB3C5605F2EF5DF8F257; };
		AC8231778B996D6621945708 /* AdaptiveLayout.swift in Sources */ = {isa = PBXBuildFile; fileRef = B21D8AC8E6B51E824FC33559; };
		290F6AFD90A59970BF040FE6 /* AssetLibrary.swift in Sources */ = {isa = PBXBuildFile; fileRef = 6A32D3ADB95BB265B5FF4769; };
		EBEF7A6AEE19E6CAE555731A /* AuthManager.swift in Sources */ = {isa = PBXBuildFile; fileRef = 9EC52708BA2AA2BCD4FAD3AE; };
		B1C5896153223EADF657CCEF /* HapticManager.swift in Sources */ = {isa = PBXBuildFile; fileRef = F668A9681E94ECD452CCE1BC; };
		5058B6DF7258482A7C32727C /* OfflineManager.swift in Sources */ = {isa = PBXBuildFile; fileRef = 063A09A26493055092A7F5E6; };
		B27FA2DF1A4E172C98E79570 /* ProjectService.swift in Sources */ = {isa = PBXBuildFile; fileRef = 2DE036BE1285617BEA7414C7; };
		527BB1AA225C36E8FC270C38 /* PublishService.swift in Sources */ = {isa = PBXBuildFile; fileRef = A5A9A57522C0E2C12050702F; };
		5099521C12E2E460CF08D93B /* PushNotificationManager.swift in Sources */ = {isa = PBXBuildFile; fileRef = 4A0DBAC26985E9B85AE4D185; };
		D7A33326E6BE49D4A0AA7A68 /* ReferralService.swift in Sources */ = {isa = PBXBuildFile; fileRef = 758A04186FDF312468AF271A; };
		62437614C88A5C5936613744 /* SocialAccountsManager.swift in Sources */ = {isa = PBXBuildFile; fileRef = 98BA6FC8AB4830724C1A6D61; };
		2D5536C3F7E042866BADAB54 /* SpatterService.swift in Sources */ = {isa = PBXBuildFile; fileRef = FF4E78D5B2D802892D383629; };
		C23D88810E7D0A39EF859540 /* StripeService.swift in Sources */ = {isa = PBXBuildFile; fileRef = 67E593B13B461FA9059891E4; };
		D1428399F2E64A48B170E55C /* SupabaseClient.swift in Sources */ = {isa = PBXBuildFile; fileRef = 240773D011C4D811CFAC5769; };
		7AB63137C7CA7812F11D540A /* WatermarkService.swift in Sources */ = {isa = PBXBuildFile; fileRef = FDC827EC913C2636AE81A744; };
		E4636D3350B19F9502468919 /* LoginView.swift in Sources */ = {isa = PBXBuildFile; fileRef = 4DFFDE8C71940E99700C64D7; };
		1CE60772D0EE9E4BBB5BE29F /* SignUpView.swift in Sources */ = {isa = PBXBuildFile; fileRef = 4A84F736399E50932885842F; };
		299FD0B00EA420FEE696934A /* WelcomeView.swift in Sources */ = {isa = PBXBuildFile; fileRef = F480F916A4145434BFECC06E; };
		FA834696C00E591BE19AE0B8 /* ChallengeDetailView.swift in Sources */ = {isa = PBXBuildFile; fileRef = C4D0E0AC279BD30E1342478A; };
		1503121E9A8FE24287DFF52C /* ChallengesView.swift in Sources */ = {isa = PBXBuildFile; fileRef = C772C01FFE91F92C1B0B3BC8; };
		7FC89C9A7FCC024676FCC5EB /* CommentSheet.swift in Sources */ = {isa = PBXBuildFile; fileRef = 273AC798A852D8A399D7B2A1; };
		2FF5A1CBEB86D9B8E0C5F228 /* CreatorProfileView.swift in Sources */ = {isa = PBXBuildFile; fileRef = BF8F8DA16B9CD4CBC6704C2F; };
		5975A77F4FFAE98BC08738D4 /* HomeView.swift in Sources */ = {isa = PBXBuildFile; fileRef = CD45FEA53DB6E6105F286487; };
		C456D58A25F7BEF6CD60D9D8 /* PostDetailView.swift in Sources */ = {isa = PBXBuildFile; fileRef = 703BF229ACCA583ABDFAB643; };
		153B8DD082ED654F1C17FF93 /* HelpCenterView.swift in Sources */ = {isa = PBXBuildFile; fileRef = 51838DF81748D5707E5BF1CA; };
		9FCC7F2129D69F9964B3E904 /* ChatView.swift in Sources */ = {isa = PBXBuildFile; fileRef = 3942A7D42062DAABE3F98A53; };
		66262DE60BB17A5B38CE443B /* MessagesListView.swift in Sources */ = {isa = PBXBuildFile; fileRef = 48B06F2E89E91ACD340FA0FB; };
		F0F655A4EE5CEA6905AD68EE /* OnboardingView.swift in Sources */ = {isa = PBXBuildFile; fileRef = DADFBC384EA93C7000E82791; };
		56CE96C89852F50C49FC0AB2 /* AchievementsView.swift in Sources */ = {isa = PBXBuildFile; fileRef = FE1166CF1DEE482F70EBF357; };
		F896492A8F1FEA4C57405600 /* ConnectedAccountsView.swift in Sources */ = {isa = PBXBuildFile; fileRef = 9FFCC32140251509DB0B1892; };
		64983F9E04070D96D3C72A7B /* EditProfileSheet.swift in Sources */ = {isa = PBXBuildFile; fileRef = 293413AAC58142F61C4A1A90; };
		586DE1D4CDE1244E5901BFC1 /* NotificationsView.swift in Sources */ = {isa = PBXBuildFile; fileRef = B2F6472AE26851DAC7B8DEDA; };
		E0969EEEB82631198698A7BE /* PersonalizationSheet.swift in Sources */ = {isa = PBXBuildFile; fileRef = 3D6649B16CE68E9065EBFC47; };
		7AD3532AFD4D3B1F78E54520 /* ProfileView.swift in Sources */ = {isa = PBXBuildFile; fileRef = 766127F510DB9F2771DCBE72; };
		BD97E9D2051AE427B2F196F9 /* ReferralView.swift in Sources */ = {isa = PBXBuildFile; fileRef = 927633E2517F7B0C1C43364D; };
		ABE23899BDDFE0DEA5320EA1 /* SubscriptionView.swift in Sources */ = {isa = PBXBuildFile; fileRef = 5708262E53DF3C72D7DF7278; };
		1EBAE25299308FB899F53C4E /* SpatterOverlay.swift in Sources */ = {isa = PBXBuildFile; fileRef = FDCDE8D5D557A2C9094238BA; };
		7E8E0A43156653C33C1F8067 /* AIAssistPanel.swift in Sources */ = {isa = PBXBuildFile; fileRef = A17A62AC4B05CF7B888CE531; };
		D088B0CA889DB25C72371E88 /* AssetBrowserView.swift in Sources */ = {isa = PBXBuildFile; fileRef = C9C3C50F0D62B64CD2AA820C; };
		1A1FB7BCEA6DB7AEE13CF6C1 /* CanvasView.swift in Sources */ = {isa = PBXBuildFile; fileRef = 2251B237C2B591B0188277D8; };
		9C9CB91CD92AC7B5570FBB01 /* DrawingToolsView.swift in Sources */ = {isa = PBXBuildFile; fileRef = C22A77A6282DB5F4EC2D115F; };
		8930F14449B0A6537B1C0722 /* EditorViewModel.swift in Sources */ = {isa = PBXBuildFile; fileRef = 99C87137CCEB6C600FEE1F74; };
		E5D93C9036E871AB8247501A /* FramesGridView.swift in Sources */ = {isa = PBXBuildFile; fileRef = 14A97FAD8B9DB2D51F123D30; };
		14B24531B061B1C14EBAC2A8 /* LayersPanel.swift in Sources */ = {isa = PBXBuildFile; fileRef = 81A2458C58AB828ADEEBF9BE; };
		C6D1557E0DF15E54D4252765 /* PanelHeader.swift in Sources */ = {isa = PBXBuildFile; fileRef = 6A6684969967BE831463F2AB; };
		262F0AC694641B64BF3FB8FC /* ProjectSettingsView.swift in Sources */ = {isa = PBXBuildFile; fileRef = 8B6A3C55428761D637A52E5E; };
		CE365CC910DC2717AA5148A5 /* ProjectsGalleryView.swift in Sources */ = {isa = PBXBuildFile; fileRef = 8C1440525C6CF76093B7120B; };
		3AA79DFB8B3A555E92D75A2E /* PropertiesPanel.swift in Sources */ = {isa = PBXBuildFile; fileRef = 5965AF0E45949609092F9491; };
		FD225CC1E79B52FF1B06513D /* PublishSheet.swift in Sources */ = {isa = PBXBuildFile; fileRef = A8153994574E304375273B4A; };
		120F65C74D513BEE67BAAE62 /* SpatterStudioPanel.swift in Sources */ = {isa = PBXBuildFile; fileRef = CB7F2F831F8311E42B2557F2; };
		6C0F5351280D0E45B17E7835 /* StudioComponents.swift in Sources */ = {isa = PBXBuildFile; fileRef = 81B6628B622EECBD25BF66EA; };
		04631D6E95968C629E4B85B9 /* StudioView.swift in Sources */ = {isa = PBXBuildFile; fileRef = 9FE4D49F30822B9C34E36A15; };
		26192AF2EDF838E0A928AE0A /* TemplatesView.swift in Sources */ = {isa = PBXBuildFile; fileRef = 91FEBBF9F90AB03CC77C48C9; };
		F43ADAF346445D95274479BC /* TimelinePanel.swift in Sources */ = {isa = PBXBuildFile; fileRef = 0A1E04D39CA0983902699B75; };
/* End PBXBuildFile section */

/* Begin PBXFileReference section */
		F8B22AE897A199DE54EE542C /* MainTabView.swift */ = {isa = PBXFileReference; lastKnownFileType = sourcecode.swift; path = "App/MainTabView.swift"; sourceTree = "<group>"; };
		CAE4A9D9EFACEECDCFCB9D0E /* NavigationRouter.swift */ = {isa = PBXFileReference; lastKnownFileType = sourcecode.swift; path = "App/NavigationRouter.swift"; sourceTree = "<group>"; };
		92432B8C1D407E054140A102 /* RootView.swift */ = {isa = PBXFileReference; lastKnownFileType = sourcecode.swift; path = "App/RootView.swift"; sourceTree = "<group>"; };
		1B3350E0244E8BACDF9F3B32 /* StickDeathInfinityApp.swift */ = {isa = PBXFileReference; lastKnownFileType = sourcecode.swift; path = "App/StickDeathInfinityApp.swift"; sourceTree = "<group>"; };
		4C93D0967C249C4E3725667D /* ThemeManager.swift */ = {isa = PBXFileReference; lastKnownFileType = sourcecode.swift; path = "App/ThemeManager.swift"; sourceTree = "<group>"; };
		A7589F025E96029E0804E635 /* Models.swift */ = {isa = PBXFileReference; lastKnownFileType = sourcecode.swift; path = "Models/Models.swift"; sourceTree = "<group>"; };
		FCCCBB3C5605F2EF5DF8F257 /* AIService.swift */ = {isa = PBXFileReference; lastKnownFileType = sourcecode.swift; path = "Services/AIService.swift"; sourceTree = "<group>"; };
		B21D8AC8E6B51E824FC33559 /* AdaptiveLayout.swift */ = {isa = PBXFileReference; lastKnownFileType = sourcecode.swift; path = "Services/AdaptiveLayout.swift"; sourceTree = "<group>"; };
		6A32D3ADB95BB265B5FF4769 /* AssetLibrary.swift */ = {isa = PBXFileReference; lastKnownFileType = sourcecode.swift; path = "Services/AssetLibrary.swift"; sourceTree = "<group>"; };
		9EC52708BA2AA2BCD4FAD3AE /* AuthManager.swift */ = {isa = PBXFileReference; lastKnownFileType = sourcecode.swift; path = "Services/AuthManager.swift"; sourceTree = "<group>"; };
		F668A9681E94ECD452CCE1BC /* HapticManager.swift */ = {isa = PBXFileReference; lastKnownFileType = sourcecode.swift; path = "Services/HapticManager.swift"; sourceTree = "<group>"; };
		063A09A26493055092A7F5E6 /* OfflineManager.swift */ = {isa = PBXFileReference; lastKnownFileType = sourcecode.swift; path = "Services/OfflineManager.swift"; sourceTree = "<group>"; };
		2DE036BE1285617BEA7414C7 /* ProjectService.swift */ = {isa = PBXFileReference; lastKnownFileType = sourcecode.swift; path = "Services/ProjectService.swift"; sourceTree = "<group>"; };
		A5A9A57522C0E2C12050702F /* PublishService.swift */ = {isa = PBXFileReference; lastKnownFileType = sourcecode.swift; path = "Services/PublishService.swift"; sourceTree = "<group>"; };
		4A0DBAC26985E9B85AE4D185 /* PushNotificationManager.swift */ = {isa = PBXFileReference; lastKnownFileType = sourcecode.swift; path = "Services/PushNotificationManager.swift"; sourceTree = "<group>"; };
		758A04186FDF312468AF271A /* ReferralService.swift */ = {isa = PBXFileReference; lastKnownFileType = sourcecode.swift; path = "Services/ReferralService.swift"; sourceTree = "<group>"; };
		98BA6FC8AB4830724C1A6D61 /* SocialAccountsManager.swift */ = {isa = PBXFileReference; lastKnownFileType = sourcecode.swift; path = "Services/SocialAccountsManager.swift"; sourceTree = "<group>"; };
		FF4E78D5B2D802892D383629 /* SpatterService.swift */ = {isa = PBXFileReference; lastKnownFileType = sourcecode.swift; path = "Services/SpatterService.swift"; sourceTree = "<group>"; };
		67E593B13B461FA9059891E4 /* StripeService.swift */ = {isa = PBXFileReference; lastKnownFileType = sourcecode.swift; path = "Services/StripeService.swift"; sourceTree = "<group>"; };
		240773D011C4D811CFAC5769 /* SupabaseClient.swift */ = {isa = PBXFileReference; lastKnownFileType = sourcecode.swift; path = "Services/SupabaseClient.swift"; sourceTree = "<group>"; };
		FDC827EC913C2636AE81A744 /* WatermarkService.swift */ = {isa = PBXFileReference; lastKnownFileType = sourcecode.swift; path = "Services/WatermarkService.swift"; sourceTree = "<group>"; };
		4DFFDE8C71940E99700C64D7 /* LoginView.swift */ = {isa = PBXFileReference; lastKnownFileType = sourcecode.swift; path = "Views/Auth/LoginView.swift"; sourceTree = "<group>"; };
		4A84F736399E50932885842F /* SignUpView.swift */ = {isa = PBXFileReference; lastKnownFileType = sourcecode.swift; path = "Views/Auth/SignUpView.swift"; sourceTree = "<group>"; };
		F480F916A4145434BFECC06E /* WelcomeView.swift */ = {isa = PBXFileReference; lastKnownFileType = sourcecode.swift; path = "Views/Auth/WelcomeView.swift"; sourceTree = "<group>"; };
		C4D0E0AC279BD30E1342478A /* ChallengeDetailView.swift */ = {isa = PBXFileReference; lastKnownFileType = sourcecode.swift; path = "Views/Challenges/ChallengeDetailView.swift"; sourceTree = "<group>"; };
		C772C01FFE91F92C1B0B3BC8 /* ChallengesView.swift */ = {isa = PBXFileReference; lastKnownFileType = sourcecode.swift; path = "Views/Challenges/ChallengesView.swift"; sourceTree = "<group>"; };
		273AC798A852D8A399D7B2A1 /* CommentSheet.swift */ = {isa = PBXFileReference; lastKnownFileType = sourcecode.swift; path = "Views/Feed/CommentSheet.swift"; sourceTree = "<group>"; };
		BF8F8DA16B9CD4CBC6704C2F /* CreatorProfileView.swift */ = {isa = PBXFileReference; lastKnownFileType = sourcecode.swift; path = "Views/Feed/CreatorProfileView.swift"; sourceTree = "<group>"; };
		CD45FEA53DB6E6105F286487 /* HomeView.swift */ = {isa = PBXFileReference; lastKnownFileType = sourcecode.swift; path = "Views/Feed/HomeView.swift"; sourceTree = "<group>"; };
		703BF229ACCA583ABDFAB643 /* PostDetailView.swift */ = {isa = PBXFileReference; lastKnownFileType = sourcecode.swift; path = "Views/Feed/PostDetailView.swift"; sourceTree = "<group>"; };
		51838DF81748D5707E5BF1CA /* HelpCenterView.swift */ = {isa = PBXFileReference; lastKnownFileType = sourcecode.swift; path = "Views/Help/HelpCenterView.swift"; sourceTree = "<group>"; };
		3942A7D42062DAABE3F98A53 /* ChatView.swift */ = {isa = PBXFileReference; lastKnownFileType = sourcecode.swift; path = "Views/Messages/ChatView.swift"; sourceTree = "<group>"; };
		48B06F2E89E91ACD340FA0FB /* MessagesListView.swift */ = {isa = PBXFileReference; lastKnownFileType = sourcecode.swift; path = "Views/Messages/MessagesListView.swift"; sourceTree = "<group>"; };
		DADFBC384EA93C7000E82791 /* OnboardingView.swift */ = {isa = PBXFileReference; lastKnownFileType = sourcecode.swift; path = "Views/Onboarding/OnboardingView.swift"; sourceTree = "<group>"; };
		FE1166CF1DEE482F70EBF357 /* AchievementsView.swift */ = {isa = PBXFileReference; lastKnownFileType = sourcecode.swift; path = "Views/Profile/AchievementsView.swift"; sourceTree = "<group>"; };
		9FFCC32140251509DB0B1892 /* ConnectedAccountsView.swift */ = {isa = PBXFileReference; lastKnownFileType = sourcecode.swift; path = "Views/Profile/ConnectedAccountsView.swift"; sourceTree = "<group>"; };
		293413AAC58142F61C4A1A90 /* EditProfileSheet.swift */ = {isa = PBXFileReference; lastKnownFileType = sourcecode.swift; path = "Views/Profile/EditProfileSheet.swift"; sourceTree = "<group>"; };
		B2F6472AE26851DAC7B8DEDA /* NotificationsView.swift */ = {isa = PBXFileReference; lastKnownFileType = sourcecode.swift; path = "Views/Profile/NotificationsView.swift"; sourceTree = "<group>"; };
		3D6649B16CE68E9065EBFC47 /* PersonalizationSheet.swift */ = {isa = PBXFileReference; lastKnownFileType = sourcecode.swift; path = "Views/Profile/PersonalizationSheet.swift"; sourceTree = "<group>"; };
		766127F510DB9F2771DCBE72 /* ProfileView.swift */ = {isa = PBXFileReference; lastKnownFileType = sourcecode.swift; path = "Views/Profile/ProfileView.swift"; sourceTree = "<group>"; };
		927633E2517F7B0C1C43364D /* ReferralView.swift */ = {isa = PBXFileReference; lastKnownFileType = sourcecode.swift; path = "Views/Profile/ReferralView.swift"; sourceTree = "<group>"; };
		5708262E53DF3C72D7DF7278 /* SubscriptionView.swift */ = {isa = PBXFileReference; lastKnownFileType = sourcecode.swift; path = "Views/Profile/SubscriptionView.swift"; sourceTree = "<group>"; };
		FDCDE8D5D557A2C9094238BA /* SpatterOverlay.swift */ = {isa = PBXFileReference; lastKnownFileType = sourcecode.swift; path = "Views/Spatter/SpatterOverlay.swift"; sourceTree = "<group>"; };
		A17A62AC4B05CF7B888CE531 /* AIAssistPanel.swift */ = {isa = PBXFileReference; lastKnownFileType = sourcecode.swift; path = "Views/Studio/AIAssistPanel.swift"; sourceTree = "<group>"; };
		C9C3C50F0D62B64CD2AA820C /* AssetBrowserView.swift */ = {isa = PBXFileReference; lastKnownFileType = sourcecode.swift; path = "Views/Studio/AssetBrowserView.swift"; sourceTree = "<group>"; };
		2251B237C2B591B0188277D8 /* CanvasView.swift */ = {isa = PBXFileReference; lastKnownFileType = sourcecode.swift; path = "Views/Studio/CanvasView.swift"; sourceTree = "<group>"; };
		C22A77A6282DB5F4EC2D115F /* DrawingToolsView.swift */ = {isa = PBXFileReference; lastKnownFileType = sourcecode.swift; path = "Views/Studio/DrawingToolsView.swift"; sourceTree = "<group>"; };
		99C87137CCEB6C600FEE1F74 /* EditorViewModel.swift */ = {isa = PBXFileReference; lastKnownFileType = sourcecode.swift; path = "Views/Studio/EditorViewModel.swift"; sourceTree = "<group>"; };
		14A97FAD8B9DB2D51F123D30 /* FramesGridView.swift */ = {isa = PBXFileReference; lastKnownFileType = sourcecode.swift; path = "Views/Studio/FramesGridView.swift"; sourceTree = "<group>"; };
		81A2458C58AB828ADEEBF9BE /* LayersPanel.swift */ = {isa = PBXFileReference; lastKnownFileType = sourcecode.swift; path = "Views/Studio/LayersPanel.swift"; sourceTree = "<group>"; };
		6A6684969967BE831463F2AB /* PanelHeader.swift */ = {isa = PBXFileReference; lastKnownFileType = sourcecode.swift; path = "Views/Studio/PanelHeader.swift"; sourceTree = "<group>"; };
		8B6A3C55428761D637A52E5E /* ProjectSettingsView.swift */ = {isa = PBXFileReference; lastKnownFileType = sourcecode.swift; path = "Views/Studio/ProjectSettingsView.swift"; sourceTree = "<group>"; };
		8C1440525C6CF76093B7120B /* ProjectsGalleryView.swift */ = {isa = PBXFileReference; lastKnownFileType = sourcecode.swift; path = "Views/Studio/ProjectsGalleryView.swift"; sourceTree = "<group>"; };
		5965AF0E45949609092F9491 /* PropertiesPanel.swift */ = {isa = PBXFileReference; lastKnownFileType = sourcecode.swift; path = "Views/Studio/PropertiesPanel.swift"; sourceTree = "<group>"; };
		A8153994574E304375273B4A /* PublishSheet.swift */ = {isa = PBXFileReference; lastKnownFileType = sourcecode.swift; path = "Views/Studio/PublishSheet.swift"; sourceTree = "<group>"; };
		CB7F2F831F8311E42B2557F2 /* SpatterStudioPanel.swift */ = {isa = PBXFileReference; lastKnownFileType = sourcecode.swift; path = "Views/Studio/SpatterStudioPanel.swift"; sourceTree = "<group>"; };
		81B6628B622EECBD25BF66EA /* StudioComponents.swift */ = {isa = PBXFileReference; lastKnownFileType = sourcecode.swift; path = "Views/Studio/StudioComponents.swift"; sourceTree = "<group>"; };
		9FE4D49F30822B9C34E36A15 /* StudioView.swift */ = {isa = PBXFileReference; lastKnownFileType = sourcecode.swift; path = "Views/Studio/StudioView.swift"; sourceTree = "<group>"; };
		91FEBBF9F90AB03CC77C48C9 /* TemplatesView.swift */ = {isa = PBXFileReference; lastKnownFileType = sourcecode.swift; path = "Views/Studio/TemplatesView.swift"; sourceTree = "<group>"; };
		0A1E04D39CA0983902699B75 /* TimelinePanel.swift */ = {isa = PBXFileReference; lastKnownFileType = sourcecode.swift; path = "Views/Studio/TimelinePanel.swift"; sourceTree = "<group>"; };
		71CCD365E3A654DA84DBA191 /* StickDeathInfinity.app */ = {isa = PBXFileReference; explicitFileType = wrapper.application; includeInIndex = 0; path = StickDeathInfinity.app; sourceTree = BUILT_PRODUCTS_DIR; };
/* End PBXFileReference section */

/* Begin PBXGroup section */
		8D3FC6DB5D0827F168A73277 = {
			isa = PBXGroup;
			children = (
				4E741F8E95114727E8203CFD /* */,
				1BADDC1D73C1A20F347483E1 /* Products */
			);
			sourceTree = "<group>";
		};
		1BADDC1D73C1A20F347483E1 /* Products */ = {
			isa = PBXGroup;
			children = (
				71CCD365E3A654DA84DBA191 /* StickDeathInfinity.app */
			);
			name = Products;
			sourceTree = "<group>";
		};
		FD4B53768B1618CC75DD100A /* App */ = {
			isa = PBXGroup;
			children = (
				F8B22AE897A199DE54EE542C /* */,
				CAE4A9D9EFACEECDCFCB9D0E /* */,
				92432B8C1D407E054140A102 /* */,
				1B3350E0244E8BACDF9F3B32 /* */,
				4C93D0967C249C4E3725667D /* */
			);
			name = "App";
			path = "App";
			sourceTree = "<group>";
		};
		8410F5608A7907BCDA787BE4 /* Models */ = {
			isa = PBXGroup;
			children = (
				A7589F025E96029E0804E635 /* */
			);
			name = "Models";
			path = "Models";
			sourceTree = "<group>";
		};
		7F2B2D979124D3C0ACC3A831 /* Services */ = {
			isa = PBXGroup;
			children = (
				FCCCBB3C5605F2EF5DF8F257 /* */,
				B21D8AC8E6B51E824FC33559 /* */,
				6A32D3ADB95BB265B5FF4769 /* */,
				9EC52708BA2AA2BCD4FAD3AE /* */,
				F668A9681E94ECD452CCE1BC /* */,
				063A09A26493055092A7F5E6 /* */,
				2DE036BE1285617BEA7414C7 /* */,
				A5A9A57522C0E2C12050702F /* */,
				4A0DBAC26985E9B85AE4D185 /* */,
				758A04186FDF312468AF271A /* */,
				98BA6FC8AB4830724C1A6D61 /* */,
				FF4E78D5B2D802892D383629 /* */,
				67E593B13B461FA9059891E4 /* */,
				240773D011C4D811CFAC5769 /* */,
				FDC827EC913C2636AE81A744 /* */
			);
			name = "Services";
			path = "Services";
			sourceTree = "<group>";
		};
		FAD091706D1A90C24CDC3DF6 /* Auth */ = {
			isa = PBXGroup;
			children = (
				4DFFDE8C71940E99700C64D7 /* */,
				4A84F736399E50932885842F /* */,
				F480F916A4145434BFECC06E /* */
			);
			name = "Auth";
			path = "Views/Auth";
			sourceTree = "<group>";
		};
		50263EE828096FE779EFB446 /* Challenges */ = {
			isa = PBXGroup;
			children = (
				C4D0E0AC279BD30E1342478A /* */,
				C772C01FFE91F92C1B0B3BC8 /* */
			);
			name = "Challenges";
			path = "Views/Challenges";
			sourceTree = "<group>";
		};
		F0D96BD2C5766338FE5A6259 /* Feed */ = {
			isa = PBXGroup;
			children = (
				273AC798A852D8A399D7B2A1 /* */,
				BF8F8DA16B9CD4CBC6704C2F /* */,
				CD45FEA53DB6E6105F286487 /* */,
				703BF229ACCA583ABDFAB643 /* */
			);
			name = "Feed";
			path = "Views/Feed";
			sourceTree = "<group>";
		};
		C527778BE14A3FEF18704C9E /* Help */ = {
			isa = PBXGroup;
			children = (
				51838DF81748D5707E5BF1CA /* */
			);
			name = "Help";
			path = "Views/Help";
			sourceTree = "<group>";
		};
		9729119C4B4504DB40F2C204 /* Messages */ = {
			isa = PBXGroup;
			children = (
				3942A7D42062DAABE3F98A53 /* */,
				48B06F2E89E91ACD340FA0FB /* */
			);
			name = "Messages";
			path = "Views/Messages";
			sourceTree = "<group>";
		};
		7FC1ECB0974EC2325802A40D /* Onboarding */ = {
			isa = PBXGroup;
			children = (
				DADFBC384EA93C7000E82791 /* */
			);
			name = "Onboarding";
			path = "Views/Onboarding";
			sourceTree = "<group>";
		};
		4A5CC4F4FB82734FEE082D89 /* Profile */ = {
			isa = PBXGroup;
			children = (
				FE1166CF1DEE482F70EBF357 /* */,
				9FFCC32140251509DB0B1892 /* */,
				293413AAC58142F61C4A1A90 /* */,
				B2F6472AE26851DAC7B8DEDA /* */,
				3D6649B16CE68E9065EBFC47 /* */,
				766127F510DB9F2771DCBE72 /* */,
				927633E2517F7B0C1C43364D /* */,
				5708262E53DF3C72D7DF7278 /* */
			);
			name = "Profile";
			path = "Views/Profile";
			sourceTree = "<group>";
		};
		91BA51CCEBEFB0F436F3440D /* Spatter */ = {
			isa = PBXGroup;
			children = (
				FDCDE8D5D557A2C9094238BA /* */
			);
			name = "Spatter";
			path = "Views/Spatter";
			sourceTree = "<group>";
		};
		3A1DDECDB916D7DDD5C7C84B /* Studio */ = {
			isa = PBXGroup;
			children = (
				A17A62AC4B05CF7B888CE531 /* */,
				C9C3C50F0D62B64CD2AA820C /* */,
				2251B237C2B591B0188277D8 /* */,
				C22A77A6282DB5F4EC2D115F /* */,
				99C87137CCEB6C600FEE1F74 /* */,
				14A97FAD8B9DB2D51F123D30 /* */,
				81A2458C58AB828ADEEBF9BE /* */,
				6A6684969967BE831463F2AB /* */,
				8B6A3C55428761D637A52E5E /* */,
				8C1440525C6CF76093B7120B /* */,
				5965AF0E45949609092F9491 /* */,
				A8153994574E304375273B4A /* */,
				CB7F2F831F8311E42B2557F2 /* */,
				81B6628B622EECBD25BF66EA /* */,
				9FE4D49F30822B9C34E36A15 /* */,
				91FEBBF9F90AB03CC77C48C9 /* */,
				0A1E04D39CA0983902699B75 /* */
			);
			name = "Studio";
			path = "Views/Studio";
			sourceTree = "<group>";
		};
/* End PBXGroup section */

/* Begin PBXNativeTarget section */
		42AEFBAE01D2DFD981F7DA7D /* StickDeathInfinity */ = {
			isa = PBXNativeTarget;
			buildConfigurationList = 012489913518982BD4BC2D71;
			buildPhases = (
				F680599402C0D80E245DE801 /* Sources */,
				6BC9136C2E1B992EF374A2EA /* Frameworks */,
			);
			buildRules = ();
			dependencies = (
				E24A3D8022D0FE80CB1FDB17,
				406E4213D156C7C7CEE93A55,
			);
			name = StickDeathInfinity;
			packageProductDependencies = (
				6A4F956B8895BD6894F9D8EB,
				1F3AD32A7F7172F1FC2E51B2,
			);
			productName = StickDeathInfinity;
			productReference = 71CCD365E3A654DA84DBA191;
			productType = "com.apple.product-type.application";
		};
/* End PBXNativeTarget section */

/* Begin PBXProject section */
		46F86FAA6BBF9AC94A7E4595 /* Project object */ = {
			isa = PBXProject;
			buildConfigurationList = 39E0554CA330A76E72674EAF;
			compatibilityVersion = "Xcode 14.0";
			developmentRegion = en;
			hasScannedForEncodings = 0;
			knownRegions = (en, Base);
			mainGroup = 8D3FC6DB5D0827F168A73277;
			packageReferences = (
				C81B44367BD7378AE1A5B97C,
				2C5CE4C35374260A7C8AF3BE,
			);
			productRefGroup = 1BADDC1D73C1A20F347483E1;
			projectDirPath = "";
			projectRoot = "";
			targets = (42AEFBAE01D2DFD981F7DA7D);
		};
/* End PBXProject section */

/* Begin PBXSourcesBuildPhase section */
		F680599402C0D80E245DE801 /* Sources */ = {
			isa = PBXSourcesBuildPhase;
			buildActionMask = 2147483647;
			files = (
				8DA319832A313B1425711447 /* MainTabView.swift in Sources */,
				1656355B6197BE6BB60981FD /* NavigationRouter.swift in Sources */,
				7F30EDAA08E1B9BDA5E936B0 /* RootView.swift in Sources */,
				6FAA66083B086FDF8C9DC2DD /* StickDeathInfinityApp.swift in Sources */,
				49695CD7541664114A7C8316 /* ThemeManager.swift in Sources */,
				326A29FC3395CC77F7906963 /* Models.swift in Sources */,
				CD971E60CF5A99F97DC729E3 /* AIService.swift in Sources */,
				AC8231778B996D6621945708 /* AdaptiveLayout.swift in Sources */,
				290F6AFD90A59970BF040FE6 /* AssetLibrary.swift in Sources */,
				EBEF7A6AEE19E6CAE555731A /* AuthManager.swift in Sources */,
				B1C5896153223EADF657CCEF /* HapticManager.swift in Sources */,
				5058B6DF7258482A7C32727C /* OfflineManager.swift in Sources */,
				B27FA2DF1A4E172C98E79570 /* ProjectService.swift in Sources */,
				527BB1AA225C36E8FC270C38 /* PublishService.swift in Sources */,
				5099521C12E2E460CF08D93B /* PushNotificationManager.swift in Sources */,
				D7A33326E6BE49D4A0AA7A68 /* ReferralService.swift in Sources */,
				62437614C88A5C5936613744 /* SocialAccountsManager.swift in Sources */,
				2D5536C3F7E042866BADAB54 /* SpatterService.swift in Sources */,
				C23D88810E7D0A39EF859540 /* StripeService.swift in Sources */,
				D1428399F2E64A48B170E55C /* SupabaseClient.swift in Sources */,
				7AB63137C7CA7812F11D540A /* WatermarkService.swift in Sources */,
				E4636D3350B19F9502468919 /* LoginView.swift in Sources */,
				1CE60772D0EE9E4BBB5BE29F /* SignUpView.swift in Sources */,
				299FD0B00EA420FEE696934A /* WelcomeView.swift in Sources */,
				FA834696C00E591BE19AE0B8 /* ChallengeDetailView.swift in Sources */,
				1503121E9A8FE24287DFF52C /* ChallengesView.swift in Sources */,
				7FC89C9A7FCC024676FCC5EB /* CommentSheet.swift in Sources */,
				2FF5A1CBEB86D9B8E0C5F228 /* CreatorProfileView.swift in Sources */,
				5975A77F4FFAE98BC08738D4 /* HomeView.swift in Sources */,
				C456D58A25F7BEF6CD60D9D8 /* PostDetailView.swift in Sources */,
				153B8DD082ED654F1C17FF93 /* HelpCenterView.swift in Sources */,
				9FCC7F2129D69F9964B3E904 /* ChatView.swift in Sources */,
				66262DE60BB17A5B38CE443B /* MessagesListView.swift in Sources */,
				F0F655A4EE5CEA6905AD68EE /* OnboardingView.swift in Sources */,
				56CE96C89852F50C49FC0AB2 /* AchievementsView.swift in Sources */,
				F896492A8F1FEA4C57405600 /* ConnectedAccountsView.swift in Sources */,
				64983F9E04070D96D3C72A7B /* EditProfileSheet.swift in Sources */,
				586DE1D4CDE1244E5901BFC1 /* NotificationsView.swift in Sources */,
				E0969EEEB82631198698A7BE /* PersonalizationSheet.swift in Sources */,
				7AD3532AFD4D3B1F78E54520 /* ProfileView.swift in Sources */,
				BD97E9D2051AE427B2F196F9 /* ReferralView.swift in Sources */,
				ABE23899BDDFE0DEA5320EA1 /* SubscriptionView.swift in Sources */,
				1EBAE25299308FB899F53C4E /* SpatterOverlay.swift in Sources */,
				7E8E0A43156653C33C1F8067 /* AIAssistPanel.swift in Sources */,
				D088B0CA889DB25C72371E88 /* AssetBrowserView.swift in Sources */,
				1A1FB7BCEA6DB7AEE13CF6C1 /* CanvasView.swift in Sources */,
				9C9CB91CD92AC7B5570FBB01 /* DrawingToolsView.swift in Sources */,
				8930F14449B0A6537B1C0722 /* EditorViewModel.swift in Sources */,
				E5D93C9036E871AB8247501A /* FramesGridView.swift in Sources */,
				14B24531B061B1C14EBAC2A8 /* LayersPanel.swift in Sources */,
				C6D1557E0DF15E54D4252765 /* PanelHeader.swift in Sources */,
				262F0AC694641B64BF3FB8FC /* ProjectSettingsView.swift in Sources */,
				CE365CC910DC2717AA5148A5 /* ProjectsGalleryView.swift in Sources */,
				3AA79DFB8B3A555E92D75A2E /* PropertiesPanel.swift in Sources */,
				FD225CC1E79B52FF1B06513D /* PublishSheet.swift in Sources */,
				120F65C74D513BEE67BAAE62 /* SpatterStudioPanel.swift in Sources */,
				6C0F5351280D0E45B17E7835 /* StudioComponents.swift in Sources */,
				04631D6E95968C629E4B85B9 /* StudioView.swift in Sources */,
				26192AF2EDF838E0A928AE0A /* TemplatesView.swift in Sources */,
				F43ADAF346445D95274479BC /* TimelinePanel.swift in Sources */
			);
			runOnlyForDeploymentPostprocessing = 0;
		};
/* End PBXSourcesBuildPhase section */

/* Begin PBXFrameworksBuildPhase section */
		6BC9136C2E1B992EF374A2EA /* Frameworks */ = {
			isa = PBXFrameworksBuildPhase;
			buildActionMask = 2147483647;
			files = ();
			runOnlyForDeploymentPostprocessing = 0;
		};
/* End PBXFrameworksBuildPhase section */

/* Begin XCBuildConfiguration section */
		8DEDB85381B34D2E15DDC500 /* Debug */ = {
			isa = XCBuildConfiguration;
			buildSettings = {
				ALWAYS_SEARCH_USER_PATHS = NO;
				CLANG_ENABLE_MODULES = YES;
				SWIFT_OPTIMIZATION_LEVEL = "-Onone";
				DEBUG_INFORMATION_FORMAT = dwarf;
			};
			name = Debug;
		};
		01548EEC76975DCEC175EA35 /* Release */ = {
			isa = XCBuildConfiguration;
			buildSettings = {
				ALWAYS_SEARCH_USER_PATHS = NO;
				CLANG_ENABLE_MODULES = YES;
				SWIFT_OPTIMIZATION_LEVEL = "-O";
				DEBUG_INFORMATION_FORMAT = "dwarf-with-dsym";
			};
			name = Release;
		};
		5300D7EBF50D2A4907AFFF78 /* Debug */ = {
			isa = XCBuildConfiguration;
			buildSettings = {
				ASSTTAGS_DIR = "";
				INFOPLIST_KEY_UIApplicationSceneManifest_Generation = YES;
				INFOPLIST_KEY_UIApplicationSupportsIndirectInputEvents = YES;
				INFOPLIST_KEY_UILaunchScreen_Generation = YES;
				INFOPLIST_KEY_UISupportedInterfaceOrientations = "UIInterfaceOrientationPortrait UIInterfaceOrientationLandscapeLeft UIInterfaceOrientationLandscapeRight";
				INFOPLIST_KEY_CFBundleDisplayName = "StickDeath ∞";
				LD_RUNPATH_SEARCH_PATHS = "$(inherited) @executable_path/Frameworks";
				PRODUCT_BUNDLE_IDENTIFIER = com.willisnmb.stickdeath;
				PRODUCT_NAME = "$(TARGET_NAME)";
				SWIFT_VERSION = 5.0;
				TARGETED_DEVICE_FAMILY = "1,2";
				IPHONEOS_DEPLOYMENT_TARGET = 17.0;
				MARKETING_VERSION = 1.0;
				CURRENT_PROJECT_VERSION = 1;
				GENERATE_INFOPLIST_FILE = YES;
			};
			name = Debug;
		};
		6A9C4D09739760F1345B2D45 /* Release */ = {
			isa = XCBuildConfiguration;
			buildSettings = {
				ASSTTAGS_DIR = "";
				INFOPLIST_KEY_UIApplicationSceneManifest_Generation = YES;
				INFOPLIST_KEY_UIApplicationSupportsIndirectInputEvents = YES;
				INFOPLIST_KEY_UILaunchScreen_Generation = YES;
				INFOPLIST_KEY_UISupportedInterfaceOrientations = "UIInterfaceOrientationPortrait UIInterfaceOrientationLandscapeLeft UIInterfaceOrientationLandscapeRight";
				INFOPLIST_KEY_CFBundleDisplayName = "StickDeath ∞";
				LD_RUNPATH_SEARCH_PATHS = "$(inherited) @executable_path/Frameworks";
				PRODUCT_BUNDLE_IDENTIFIER = com.willisnmb.stickdeath;
				PRODUCT_NAME = "$(TARGET_NAME)";
				SWIFT_VERSION = 5.0;
				TARGETED_DEVICE_FAMILY = "1,2";
				IPHONEOS_DEPLOYMENT_TARGET = 17.0;
				MARKETING_VERSION = 1.0;
				CURRENT_PROJECT_VERSION = 1;
				GENERATE_INFOPLIST_FILE = YES;
			};
			name = Release;
		};
/* End XCBuildConfiguration section */

/* Begin XCConfigurationList section */
		39E0554CA330A76E72674EAF /* Build configuration list for PBXProject */ = {
			isa = XCConfigurationList;
			buildConfigurations = (8DEDB85381B34D2E15DDC500, 01548EEC76975DCEC175EA35);
			defaultConfigurationIsVisible = 0;
			defaultConfigurationName = Release;
		};
		012489913518982BD4BC2D71 /* Build configuration list for PBXNativeTarget */ = {
			isa = XCConfigurationList;
			buildConfigurations = (5300D7EBF50D2A4907AFFF78, 6A9C4D09739760F1345B2D45);
			defaultConfigurationIsVisible = 0;
			defaultConfigurationName = Release;
		};
/* End XCConfigurationList section */

/* Begin XCRemoteSwiftPackageReference section */
		C81B44367BD7378AE1A5B97C = {
			isa = XCRemoteSwiftPackageReference;
			repositoryURL = "https://github.com/supabase/supabase-swift.git";
			requirement = { kind = upToNextMajorVersion; minimumVersion = 2.0.0; };
		};
		2C5CE4C35374260A7C8AF3BE = {
			isa = XCRemoteSwiftPackageReference;
			repositoryURL = "https://github.com/stripe/stripe-ios.git";
			requirement = { kind = upToNextMajorVersion; minimumVersion = 23.0.0; };
		};
/* End XCRemoteSwiftPackageReference section */

/* Begin XCSwiftPackageProductDependency section */
		6A4F956B8895BD6894F9D8EB = {
			isa = XCSwiftPackageProductDependency;
			package = C81B44367BD7378AE1A5B97C;
			productName = Supabase;
		};
		1F3AD32A7F7172F1FC2E51B2 = {
			isa = XCSwiftPackageProductDependency;
			package = 2C5CE4C35374260A7C8AF3BE;
			productName = Stripe;
		};
/* End XCSwiftPackageProductDependency section */

/* Begin PBXTargetDependency section */
		E24A3D8022D0FE80CB1FDB17 = {
			isa = PBXTargetDependency;
			productRef = 6A4F956B8895BD6894F9D8EB;
		};
		406E4213D156C7C7CEE93A55 = {
			isa = PBXTargetDependency;
			productRef = 1F3AD32A7F7172F1FC2E51B2;
		};
/* End PBXTargetDependency section */

	};
	rootObject = 46F86FAA6BBF9AC94A7E4595;
}
