// !$*UTF8*$!
{
	archiveVersion = 1;
	classes = {
	};
	objectVersion = 56;
	objects = {

/* Begin PBXBuildFile section */
		BCAFB746B0EC8BD779D596EA /* MainTabView.swift in Sources */ = {isa = PBXBuildFile; fileRef = 1B91EDA16924FA69C7C134D7; };
		E876B4B9ECDF494993B253F1 /* NavigationRouter.swift in Sources */ = {isa = PBXBuildFile; fileRef = 11B05C0D7C868C31A5E8ED86; };
		86EB5976EB83FCDE610AC4B0 /* RootView.swift in Sources */ = {isa = PBXBuildFile; fileRef = 190175FFFF54059EDF80D029; };
		6225BA5005B7E60C68198152 /* StickDeathInfinityApp.swift in Sources */ = {isa = PBXBuildFile; fileRef = 89C2BCD73E9A2CEA6C6C53BF; };
		5C431C0EE083A9FB9424E947 /* ThemeManager.swift in Sources */ = {isa = PBXBuildFile; fileRef = E3A6F5297142D712834F073D; };
		3A410D72A1BCFA1C02566B13 /* BoneRig.swift in Sources */ = {isa = PBXBuildFile; fileRef = 7BBB9E69C2A9746B68B475B3; };
		3E26721D7AA29EB7A5CECEAD /* Models.swift in Sources */ = {isa = PBXBuildFile; fileRef = BF30926B1ADFBA5B18668C6A; };
		B88CF7C9F2EF13517B965F37 /* AIService.swift in Sources */ = {isa = PBXBuildFile; fileRef = 8409A8768366CBA35C650A40; };
		DE61186EBEB52EFA769F050B /* AdaptiveLayout.swift in Sources */ = {isa = PBXBuildFile; fileRef = 5838F4A8E424D794B7F44C58; };
		A61AD482FCD89BE3180F400C /* AssetLibrary.swift in Sources */ = {isa = PBXBuildFile; fileRef = E8316DF4EB6966F4D56D8783; };
		164725B19DACDBA691BFC75E /* AuthManager.swift in Sources */ = {isa = PBXBuildFile; fileRef = 15323AC5823A5A44EE035900; };
		AF0C07BC07597B4B41AAE52E /* HapticManager.swift in Sources */ = {isa = PBXBuildFile; fileRef = A74B598749268FC12504A314; };
		B1906E9143F4D9477F4DA0CC /* OfflineManager.swift in Sources */ = {isa = PBXBuildFile; fileRef = BC1685CDFD1D299B050F8482; };
		5F9A55D070C3EB2329340881 /* ProjectService.swift in Sources */ = {isa = PBXBuildFile; fileRef = 9114ADC8ECC363CDAE88F896; };
		3E22653AD7FF9343DCFEB81F /* PublishService.swift in Sources */ = {isa = PBXBuildFile; fileRef = 5304D19CDC664D5E0AF25D45; };
		A7A0D89E18AD05AE8B8AC579 /* PushNotificationManager.swift in Sources */ = {isa = PBXBuildFile; fileRef = C759F30ACB2B26056BAC7D31; };
		A5C96EAB818C6B0FBBE1C998 /* ReferralService.swift in Sources */ = {isa = PBXBuildFile; fileRef = AC6CF71D5F216F62737E3849; };
		F6CF6993DAC7682D2B5B520E /* SocialAccountsManager.swift in Sources */ = {isa = PBXBuildFile; fileRef = 468C34FA88F83EC5E6040CCB; };
		1BA9A2C89ACEA95E671D20FE /* SpatterService.swift in Sources */ = {isa = PBXBuildFile; fileRef = 9D309DB037FA437A892D8594; };
		B1B13214F577B4E1728B2538 /* StripeService.swift in Sources */ = {isa = PBXBuildFile; fileRef = 353461DA84ACDC2634B609E5; };
		C56F3DE43BCE1CF081BB2168 /* SupabaseClient.swift in Sources */ = {isa = PBXBuildFile; fileRef = C5ED13849540EE07CAD7936C; };
		634A1A45D0639BD45A0B236F /* WatermarkService.swift in Sources */ = {isa = PBXBuildFile; fileRef = 8447BC0FDD7624CE6E4455D0; };
		7BB51E73C5BAD143EF79D5BE /* LoginView.swift in Sources */ = {isa = PBXBuildFile; fileRef = 95D0D0BA7726FDC29EE4BE24; };
		79E4C0079E29BBFF32EBB091 /* SignUpView.swift in Sources */ = {isa = PBXBuildFile; fileRef = 7565FE7FF14448F2A146D59A; };
		5B60B4D850B305BD38DB0241 /* WelcomeView.swift in Sources */ = {isa = PBXBuildFile; fileRef = 7743858AEF0CD8634E969D47; };
		A26A6E9920BD92BF6C5A07B3 /* ChallengeDetailView.swift in Sources */ = {isa = PBXBuildFile; fileRef = 0FA050D57C43655CA1E494F1; };
		A6B0E8544B21C55982C2CE6C /* ChallengesView.swift in Sources */ = {isa = PBXBuildFile; fileRef = 6673B0326A7F66939FB7CC2E; };
		9459BFAD9D6F1FAF373D3283 /* CommentSheet.swift in Sources */ = {isa = PBXBuildFile; fileRef = 1DE0119D14156D9433A13D3A; };
		60730401291F79431EB4A295 /* CreatorProfileView.swift in Sources */ = {isa = PBXBuildFile; fileRef = 6421AF60BF419072ADBFEE09; };
		8798EF93A817AB28CFB85E7B /* HomeView.swift in Sources */ = {isa = PBXBuildFile; fileRef = 92A643931F5A33B2094D2062; };
		B46E536981E3CC251BF97220 /* PostDetailView.swift in Sources */ = {isa = PBXBuildFile; fileRef = 6EDE7B01272229B515AE08A6; };
		7D53038BB543BC908DC4E95D /* HelpCenterView.swift in Sources */ = {isa = PBXBuildFile; fileRef = 53DA68BF0496DF0F0AB74D48; };
		3AD34DE3FFFB43C5C1CD6944 /* ChatView.swift in Sources */ = {isa = PBXBuildFile; fileRef = 9798262B6CBE59307E0222D4; };
		6B664F4C94762D9CB8995DCA /* MessagesListView.swift in Sources */ = {isa = PBXBuildFile; fileRef = D8BDB2B2239185CDA47AA60D; };
		E7113E9DBB61F9159E13C8C5 /* OnboardingView.swift in Sources */ = {isa = PBXBuildFile; fileRef = 7E7057167E715D10664993B7; };
		5A14EE60CFAD2A6F40112BD0 /* AchievementsView.swift in Sources */ = {isa = PBXBuildFile; fileRef = 3DB9F13DCBAC60D386805C85; };
		6F82836C49287DD1C228BC15 /* ConnectedAccountsView.swift in Sources */ = {isa = PBXBuildFile; fileRef = 4EA5091E3EBE77CC80BE17CA; };
		5CD111D6830F1AF78C79DDC7 /* EditProfileSheet.swift in Sources */ = {isa = PBXBuildFile; fileRef = 0A33D279CDB0F0BCF59FBC64; };
		7CFDA9B5098BDEE2A869ADD8 /* NotificationsView.swift in Sources */ = {isa = PBXBuildFile; fileRef = 78DB4B80825FDAD5D8EE0738; };
		F2A4BCA78ACFFE7457D7B796 /* PersonalizationSheet.swift in Sources */ = {isa = PBXBuildFile; fileRef = 6B263992894E68B488448563; };
		9F88311F08542DD56C1C7075 /* ProfileView.swift in Sources */ = {isa = PBXBuildFile; fileRef = D1915663D9E36950C1FDEC6E; };
		F3AB63EAFB504394016798F3 /* ReferralView.swift in Sources */ = {isa = PBXBuildFile; fileRef = 81F10C9056658558B4E64830; };
		57569E6EE1AF7D44C4E235BB /* SubscriptionView.swift in Sources */ = {isa = PBXBuildFile; fileRef = F8CEF6894C269F24D59B7E20; };
		09EB516670F7C16465155082 /* SpatterOverlay.swift in Sources */ = {isa = PBXBuildFile; fileRef = B818F98504E2B888168DAD10; };
		428F75122FFEAE8F1AD96842 /* AIAssistPanel.swift in Sources */ = {isa = PBXBuildFile; fileRef = 86C63015D463C639D216C727; };
		791CD57ED49835C44A688519 /* AssetBrowserView.swift in Sources */ = {isa = PBXBuildFile; fileRef = 7C8C141F5CD6D177C9E17742; };
		94FD1BF1F64C9127C088C59D /* CanvasView.swift in Sources */ = {isa = PBXBuildFile; fileRef = 66FB7220B97EE0B140A74742; };
		D42D77A125C42CD00CEA216A /* DrawingToolsView.swift in Sources */ = {isa = PBXBuildFile; fileRef = 704FCC09EDB5389B41CBEE77; };
		67E2AA71D568CBFA286F95E8 /* EditorViewModel.swift in Sources */ = {isa = PBXBuildFile; fileRef = 5FD6404D46B801AB353880F2; };
		B22ED47374522A8E8718C71B /* FramesGridView.swift in Sources */ = {isa = PBXBuildFile; fileRef = 903EF91108346903921B6C4A; };
		313310B3A59ADB0FFE8B9AD3 /* LayersPanel.swift in Sources */ = {isa = PBXBuildFile; fileRef = B60486918A9C97B57348FC8F; };
		B5DACF239576E69BE07C6853 /* PanelHeader.swift in Sources */ = {isa = PBXBuildFile; fileRef = 72D24E434451588EE9AC203F; };
		60841508290B169A7368915C /* ProjectSettingsView.swift in Sources */ = {isa = PBXBuildFile; fileRef = 1372E4FFD9FEC6EA29431FA3; };
		4AD3ACE439E1AB49F7CA7BC6 /* ProjectsGalleryView.swift in Sources */ = {isa = PBXBuildFile; fileRef = 88EBDA69168C1E50BDB13150; };
		7D0875C40EC674BE0E4F8091 /* PropertiesPanel.swift in Sources */ = {isa = PBXBuildFile; fileRef = AD96778DEA3E9EA3C6C3E9E0; };
		32F5A8E856537179F897194E /* PublishSheet.swift in Sources */ = {isa = PBXBuildFile; fileRef = D452066BC6B8E462CC0F0B4C; };
		5154C260B331435D5EEA024A /* RigToolPanel.swift in Sources */ = {isa = PBXBuildFile; fileRef = 1D5986D4B75785634D0C3D82; };
		F8D3F4ADC168B5E878A6B4CD /* SpatterStudioPanel.swift in Sources */ = {isa = PBXBuildFile; fileRef = C70A20A3A99368862F480553; };
		A1340C6447DBBC4E1D4DA144 /* StudioComponents.swift in Sources */ = {isa = PBXBuildFile; fileRef = 893321ABBEB0B6CF9B65328B; };
		35FDBB8C5DD1FC2B026E8ACF /* StudioToolKey.swift in Sources */ = {isa = PBXBuildFile; fileRef = DD8E65F13157FBDEFBA6BF68; };
		60556BA97464990B56ABF194 /* StudioUserGuide.swift in Sources */ = {isa = PBXBuildFile; fileRef = BD0950709C2528DD18F4B7C1; };
		9496D6D5AC23C2DCA7110E1E /* StudioView.swift in Sources */ = {isa = PBXBuildFile; fileRef = 6C5AEEAA9A7761BA6A81E637; };
		BDEED23BEAD9B6B886C7AD13 /* TemplatesView.swift in Sources */ = {isa = PBXBuildFile; fileRef = 17923995DF749A864EF61570; };
		0C1C1E101BED8E26462FD8AB /* TimelinePanel.swift in Sources */ = {isa = PBXBuildFile; fileRef = 54DAF0F6912EFD1D55C92200; };
		000000000000000000000061 /* Assets.xcassets in Resources */ = {isa = PBXBuildFile; fileRef = 000000000000000000000060; };
		SPM_SUPA_BF /* Supabase in Frameworks */ = {isa = PBXBuildFile; productRef = SPM_SUPA_PR; };
		SPM_STRIPE_BF /* StripePaymentSheet in Frameworks */ = {isa = PBXBuildFile; productRef = SPM_STRIPE_PR; };
		SPM_AUTH_BF /* Auth in Frameworks */ = {isa = PBXBuildFile; productRef = SPM_AUTH_PR; };
		FONT_BF_001 /* SpecialElite-Regular.ttf in Resources */ = {isa = PBXBuildFile; fileRef = FONT_FR_001; };
/* End PBXBuildFile section */

/* Begin PBXFileReference section */
		1B91EDA16924FA69C7C134D7 /* MainTabView.swift */ = {isa = PBXFileReference; lastKnownFileType = sourcecode.swift; path = MainTabView.swift; sourceTree = "<group>"; };
		11B05C0D7C868C31A5E8ED86 /* NavigationRouter.swift */ = {isa = PBXFileReference; lastKnownFileType = sourcecode.swift; path = NavigationRouter.swift; sourceTree = "<group>"; };
		190175FFFF54059EDF80D029 /* RootView.swift */ = {isa = PBXFileReference; lastKnownFileType = sourcecode.swift; path = RootView.swift; sourceTree = "<group>"; };
		89C2BCD73E9A2CEA6C6C53BF /* StickDeathInfinityApp.swift */ = {isa = PBXFileReference; lastKnownFileType = sourcecode.swift; path = StickDeathInfinityApp.swift; sourceTree = "<group>"; };
		E3A6F5297142D712834F073D /* ThemeManager.swift */ = {isa = PBXFileReference; lastKnownFileType = sourcecode.swift; path = ThemeManager.swift; sourceTree = "<group>"; };
		7BBB9E69C2A9746B68B475B3 /* BoneRig.swift */ = {isa = PBXFileReference; lastKnownFileType = sourcecode.swift; path = BoneRig.swift; sourceTree = "<group>"; };
		BF30926B1ADFBA5B18668C6A /* Models.swift */ = {isa = PBXFileReference; lastKnownFileType = sourcecode.swift; path = Models.swift; sourceTree = "<group>"; };
		8409A8768366CBA35C650A40 /* AIService.swift */ = {isa = PBXFileReference; lastKnownFileType = sourcecode.swift; path = AIService.swift; sourceTree = "<group>"; };
		5838F4A8E424D794B7F44C58 /* AdaptiveLayout.swift */ = {isa = PBXFileReference; lastKnownFileType = sourcecode.swift; path = AdaptiveLayout.swift; sourceTree = "<group>"; };
		E8316DF4EB6966F4D56D8783 /* AssetLibrary.swift */ = {isa = PBXFileReference; lastKnownFileType = sourcecode.swift; path = AssetLibrary.swift; sourceTree = "<group>"; };
		15323AC5823A5A44EE035900 /* AuthManager.swift */ = {isa = PBXFileReference; lastKnownFileType = sourcecode.swift; path = AuthManager.swift; sourceTree = "<group>"; };
		A74B598749268FC12504A314 /* HapticManager.swift */ = {isa = PBXFileReference; lastKnownFileType = sourcecode.swift; path = HapticManager.swift; sourceTree = "<group>"; };
		BC1685CDFD1D299B050F8482 /* OfflineManager.swift */ = {isa = PBXFileReference; lastKnownFileType = sourcecode.swift; path = OfflineManager.swift; sourceTree = "<group>"; };
		9114ADC8ECC363CDAE88F896 /* ProjectService.swift */ = {isa = PBXFileReference; lastKnownFileType = sourcecode.swift; path = ProjectService.swift; sourceTree = "<group>"; };
		5304D19CDC664D5E0AF25D45 /* PublishService.swift */ = {isa = PBXFileReference; lastKnownFileType = sourcecode.swift; path = PublishService.swift; sourceTree = "<group>"; };
		C759F30ACB2B26056BAC7D31 /* PushNotificationManager.swift */ = {isa = PBXFileReference; lastKnownFileType = sourcecode.swift; path = PushNotificationManager.swift; sourceTree = "<group>"; };
		AC6CF71D5F216F62737E3849 /* ReferralService.swift */ = {isa = PBXFileReference; lastKnownFileType = sourcecode.swift; path = ReferralService.swift; sourceTree = "<group>"; };
		468C34FA88F83EC5E6040CCB /* SocialAccountsManager.swift */ = {isa = PBXFileReference; lastKnownFileType = sourcecode.swift; path = SocialAccountsManager.swift; sourceTree = "<group>"; };
		9D309DB037FA437A892D8594 /* SpatterService.swift */ = {isa = PBXFileReference; lastKnownFileType = sourcecode.swift; path = SpatterService.swift; sourceTree = "<group>"; };
		353461DA84ACDC2634B609E5 /* StripeService.swift */ = {isa = PBXFileReference; lastKnownFileType = sourcecode.swift; path = StripeService.swift; sourceTree = "<group>"; };
		C5ED13849540EE07CAD7936C /* SupabaseClient.swift */ = {isa = PBXFileReference; lastKnownFileType = sourcecode.swift; path = SupabaseClient.swift; sourceTree = "<group>"; };
		8447BC0FDD7624CE6E4455D0 /* WatermarkService.swift */ = {isa = PBXFileReference; lastKnownFileType = sourcecode.swift; path = WatermarkService.swift; sourceTree = "<group>"; };
		95D0D0BA7726FDC29EE4BE24 /* LoginView.swift */ = {isa = PBXFileReference; lastKnownFileType = sourcecode.swift; path = LoginView.swift; sourceTree = "<group>"; };
		7565FE7FF14448F2A146D59A /* SignUpView.swift */ = {isa = PBXFileReference; lastKnownFileType = sourcecode.swift; path = SignUpView.swift; sourceTree = "<group>"; };
		7743858AEF0CD8634E969D47 /* WelcomeView.swift */ = {isa = PBXFileReference; lastKnownFileType = sourcecode.swift; path = WelcomeView.swift; sourceTree = "<group>"; };
		0FA050D57C43655CA1E494F1 /* ChallengeDetailView.swift */ = {isa = PBXFileReference; lastKnownFileType = sourcecode.swift; path = ChallengeDetailView.swift; sourceTree = "<group>"; };
		6673B0326A7F66939FB7CC2E /* ChallengesView.swift */ = {isa = PBXFileReference; lastKnownFileType = sourcecode.swift; path = ChallengesView.swift; sourceTree = "<group>"; };
		1DE0119D14156D9433A13D3A /* CommentSheet.swift */ = {isa = PBXFileReference; lastKnownFileType = sourcecode.swift; path = CommentSheet.swift; sourceTree = "<group>"; };
		6421AF60BF419072ADBFEE09 /* CreatorProfileView.swift */ = {isa = PBXFileReference; lastKnownFileType = sourcecode.swift; path = CreatorProfileView.swift; sourceTree = "<group>"; };
		92A643931F5A33B2094D2062 /* HomeView.swift */ = {isa = PBXFileReference; lastKnownFileType = sourcecode.swift; path = HomeView.swift; sourceTree = "<group>"; };
		6EDE7B01272229B515AE08A6 /* PostDetailView.swift */ = {isa = PBXFileReference; lastKnownFileType = sourcecode.swift; path = PostDetailView.swift; sourceTree = "<group>"; };
		53DA68BF0496DF0F0AB74D48 /* HelpCenterView.swift */ = {isa = PBXFileReference; lastKnownFileType = sourcecode.swift; path = HelpCenterView.swift; sourceTree = "<group>"; };
		9798262B6CBE59307E0222D4 /* ChatView.swift */ = {isa = PBXFileReference; lastKnownFileType = sourcecode.swift; path = ChatView.swift; sourceTree = "<group>"; };
		D8BDB2B2239185CDA47AA60D /* MessagesListView.swift */ = {isa = PBXFileReference; lastKnownFileType = sourcecode.swift; path = MessagesListView.swift; sourceTree = "<group>"; };
		7E7057167E715D10664993B7 /* OnboardingView.swift */ = {isa = PBXFileReference; lastKnownFileType = sourcecode.swift; path = OnboardingView.swift; sourceTree = "<group>"; };
		3DB9F13DCBAC60D386805C85 /* AchievementsView.swift */ = {isa = PBXFileReference; lastKnownFileType = sourcecode.swift; path = AchievementsView.swift; sourceTree = "<group>"; };
		4EA5091E3EBE77CC80BE17CA /* ConnectedAccountsView.swift */ = {isa = PBXFileReference; lastKnownFileType = sourcecode.swift; path = ConnectedAccountsView.swift; sourceTree = "<group>"; };
		0A33D279CDB0F0BCF59FBC64 /* EditProfileSheet.swift */ = {isa = PBXFileReference; lastKnownFileType = sourcecode.swift; path = EditProfileSheet.swift; sourceTree = "<group>"; };
		78DB4B80825FDAD5D8EE0738 /* NotificationsView.swift */ = {isa = PBXFileReference; lastKnownFileType = sourcecode.swift; path = NotificationsView.swift; sourceTree = "<group>"; };
		6B263992894E68B488448563 /* PersonalizationSheet.swift */ = {isa = PBXFileReference; lastKnownFileType = sourcecode.swift; path = PersonalizationSheet.swift; sourceTree = "<group>"; };
		D1915663D9E36950C1FDEC6E /* ProfileView.swift */ = {isa = PBXFileReference; lastKnownFileType = sourcecode.swift; path = ProfileView.swift; sourceTree = "<group>"; };
		81F10C9056658558B4E64830 /* ReferralView.swift */ = {isa = PBXFileReference; lastKnownFileType = sourcecode.swift; path = ReferralView.swift; sourceTree = "<group>"; };
		F8CEF6894C269F24D59B7E20 /* SubscriptionView.swift */ = {isa = PBXFileReference; lastKnownFileType = sourcecode.swift; path = SubscriptionView.swift; sourceTree = "<group>"; };
		B818F98504E2B888168DAD10 /* SpatterOverlay.swift */ = {isa = PBXFileReference; lastKnownFileType = sourcecode.swift; path = SpatterOverlay.swift; sourceTree = "<group>"; };
		86C63015D463C639D216C727 /* AIAssistPanel.swift */ = {isa = PBXFileReference; lastKnownFileType = sourcecode.swift; path = AIAssistPanel.swift; sourceTree = "<group>"; };
		7C8C141F5CD6D177C9E17742 /* AssetBrowserView.swift */ = {isa = PBXFileReference; lastKnownFileType = sourcecode.swift; path = AssetBrowserView.swift; sourceTree = "<group>"; };
		66FB7220B97EE0B140A74742 /* CanvasView.swift */ = {isa = PBXFileReference; lastKnownFileType = sourcecode.swift; path = CanvasView.swift; sourceTree = "<group>"; };
		704FCC09EDB5389B41CBEE77 /* DrawingToolsView.swift */ = {isa = PBXFileReference; lastKnownFileType = sourcecode.swift; path = DrawingToolsView.swift; sourceTree = "<group>"; };
		5FD6404D46B801AB353880F2 /* EditorViewModel.swift */ = {isa = PBXFileReference; lastKnownFileType = sourcecode.swift; path = EditorViewModel.swift; sourceTree = "<group>"; };
		903EF91108346903921B6C4A /* FramesGridView.swift */ = {isa = PBXFileReference; lastKnownFileType = sourcecode.swift; path = FramesGridView.swift; sourceTree = "<group>"; };
		B60486918A9C97B57348FC8F /* LayersPanel.swift */ = {isa = PBXFileReference; lastKnownFileType = sourcecode.swift; path = LayersPanel.swift; sourceTree = "<group>"; };
		72D24E434451588EE9AC203F /* PanelHeader.swift */ = {isa = PBXFileReference; lastKnownFileType = sourcecode.swift; path = PanelHeader.swift; sourceTree = "<group>"; };
		1372E4FFD9FEC6EA29431FA3 /* ProjectSettingsView.swift */ = {isa = PBXFileReference; lastKnownFileType = sourcecode.swift; path = ProjectSettingsView.swift; sourceTree = "<group>"; };
		88EBDA69168C1E50BDB13150 /* ProjectsGalleryView.swift */ = {isa = PBXFileReference; lastKnownFileType = sourcecode.swift; path = ProjectsGalleryView.swift; sourceTree = "<group>"; };
		AD96778DEA3E9EA3C6C3E9E0 /* PropertiesPanel.swift */ = {isa = PBXFileReference; lastKnownFileType = sourcecode.swift; path = PropertiesPanel.swift; sourceTree = "<group>"; };
		D452066BC6B8E462CC0F0B4C /* PublishSheet.swift */ = {isa = PBXFileReference; lastKnownFileType = sourcecode.swift; path = PublishSheet.swift; sourceTree = "<group>"; };
		1D5986D4B75785634D0C3D82 /* RigToolPanel.swift */ = {isa = PBXFileReference; lastKnownFileType = sourcecode.swift; path = RigToolPanel.swift; sourceTree = "<group>"; };
		C70A20A3A99368862F480553 /* SpatterStudioPanel.swift */ = {isa = PBXFileReference; lastKnownFileType = sourcecode.swift; path = SpatterStudioPanel.swift; sourceTree = "<group>"; };
		893321ABBEB0B6CF9B65328B /* StudioComponents.swift */ = {isa = PBXFileReference; lastKnownFileType = sourcecode.swift; path = StudioComponents.swift; sourceTree = "<group>"; };
		DD8E65F13157FBDEFBA6BF68 /* StudioToolKey.swift */ = {isa = PBXFileReference; lastKnownFileType = sourcecode.swift; path = StudioToolKey.swift; sourceTree = "<group>"; };
		BD0950709C2528DD18F4B7C1 /* StudioUserGuide.swift */ = {isa = PBXFileReference; lastKnownFileType = sourcecode.swift; path = StudioUserGuide.swift; sourceTree = "<group>"; };
		6C5AEEAA9A7761BA6A81E637 /* StudioView.swift */ = {isa = PBXFileReference; lastKnownFileType = sourcecode.swift; path = StudioView.swift; sourceTree = "<group>"; };
		17923995DF749A864EF61570 /* TemplatesView.swift */ = {isa = PBXFileReference; lastKnownFileType = sourcecode.swift; path = TemplatesView.swift; sourceTree = "<group>"; };
		54DAF0F6912EFD1D55C92200 /* TimelinePanel.swift */ = {isa = PBXFileReference; lastKnownFileType = sourcecode.swift; path = TimelinePanel.swift; sourceTree = "<group>"; };
		000000000000000000000050 /* StickDeathInfinity.app */ = {isa = PBXFileReference; explicitFileType = wrapper.application; includeInIndex = 0; path = StickDeathInfinity.app; sourceTree = BUILT_PRODUCTS_DIR; };
		000000000000000000000060 /* Assets.xcassets */ = {isa = PBXFileReference; lastKnownFileType = folder.assetcatalog; path = Assets.xcassets; sourceTree = "<group>"; };
		FONT_FR_001 /* SpecialElite-Regular.ttf */ = {isa = PBXFileReference; lastKnownFileType = file; path = "SpecialElite-Regular.ttf"; sourceTree = "<group>"; };
		INFOPLIST_FR /* Info.plist */ = {isa = PBXFileReference; lastKnownFileType = text.plist.xml; path = Info.plist; sourceTree = "<group>"; };
/* End PBXFileReference section */

/* Begin PBXGroup section */
		000000000000000000000002 = {
			isa = PBXGroup;
			children = (
				FE34C8CEB318C70FA0D7E5C4 /* Sources */,
				000000000000000000000060 /* Assets.xcassets */,
				000000000000000000000003 /* Products */,
				FONTS_GRP_001 /* Fonts */,
				INFOPLIST_FR /* Info.plist */,
			);
			sourceTree = "<group>";
		};
		000000000000000000000003 /* Products */ = {
			isa = PBXGroup;
			children = (
				000000000000000000000050 /* StickDeathInfinity.app */,
			);
			name = Products;
			sourceTree = "<group>";
		};
		FE34C8CEB318C70FA0D7E5C4 /* Sources */ = {
			isa = PBXGroup;
			children = (
				1AAFDF08517A02B7853CDC21 /* App */,
				B7568FA82D86C5DA295467A7 /* Models */,
				F8034581EC1333825ED9ED61 /* Services */,
				72F00DB58B1742853D0E46A7 /* Views */,
			);
			path = Sources;
			sourceTree = "<group>";
		};
		1AAFDF08517A02B7853CDC21 /* App */ = {
			isa = PBXGroup;
			children = (
				1B91EDA16924FA69C7C134D7 /* MainTabView.swift */,
				11B05C0D7C868C31A5E8ED86 /* NavigationRouter.swift */,
				190175FFFF54059EDF80D029 /* RootView.swift */,
				89C2BCD73E9A2CEA6C6C53BF /* StickDeathInfinityApp.swift */,
				E3A6F5297142D712834F073D /* ThemeManager.swift */,
			);
			path = App;
			sourceTree = "<group>";
		};
		B7568FA82D86C5DA295467A7 /* Models */ = {
			isa = PBXGroup;
			children = (
				7BBB9E69C2A9746B68B475B3 /* BoneRig.swift */,
				BF30926B1ADFBA5B18668C6A /* Models.swift */,
			);
			path = Models;
			sourceTree = "<group>";
		};
		F8034581EC1333825ED9ED61 /* Services */ = {
			isa = PBXGroup;
			children = (
				8409A8768366CBA35C650A40 /* AIService.swift */,
				5838F4A8E424D794B7F44C58 /* AdaptiveLayout.swift */,
				E8316DF4EB6966F4D56D8783 /* AssetLibrary.swift */,
				15323AC5823A5A44EE035900 /* AuthManager.swift */,
				A74B598749268FC12504A314 /* HapticManager.swift */,
				BC1685CDFD1D299B050F8482 /* OfflineManager.swift */,
				9114ADC8ECC363CDAE88F896 /* ProjectService.swift */,
				5304D19CDC664D5E0AF25D45 /* PublishService.swift */,
				C759F30ACB2B26056BAC7D31 /* PushNotificationManager.swift */,
				AC6CF71D5F216F62737E3849 /* ReferralService.swift */,
				468C34FA88F83EC5E6040CCB /* SocialAccountsManager.swift */,
				9D309DB037FA437A892D8594 /* SpatterService.swift */,
				353461DA84ACDC2634B609E5 /* StripeService.swift */,
				C5ED13849540EE07CAD7936C /* SupabaseClient.swift */,
				8447BC0FDD7624CE6E4455D0 /* WatermarkService.swift */,
			);
			path = Services;
			sourceTree = "<group>";
		};
		72F00DB58B1742853D0E46A7 /* Views */ = {
			isa = PBXGroup;
			children = (
				0DF1EB2F3A4427A038F1D8BF /* Auth */,
				61D792BA5C0052CE1D0D5BE8 /* Challenges */,
				00DD6C4BC3B490F79C1C9C23 /* Feed */,
				87AA4630000E9365AA8D53B6 /* Help */,
				78894A6359DB4FF5A9BED715 /* Messages */,
				4DA6ABA7865A5F0E4934E811 /* Onboarding */,
				546C0B47BDD6F5E39C16D67D /* Profile */,
				316B4C7368415BF4808DF304 /* Spatter */,
				CDDA1C8FE2810B70DF1EFDBE /* Studio */,
			);
			path = Views;
			sourceTree = "<group>";
		};
		0DF1EB2F3A4427A038F1D8BF /* Auth */ = {
			isa = PBXGroup;
			children = (
				95D0D0BA7726FDC29EE4BE24 /* LoginView.swift */,
				7565FE7FF14448F2A146D59A /* SignUpView.swift */,
				7743858AEF0CD8634E969D47 /* WelcomeView.swift */,
			);
			path = Auth;
			sourceTree = "<group>";
		};
		61D792BA5C0052CE1D0D5BE8 /* Challenges */ = {
			isa = PBXGroup;
			children = (
				0FA050D57C43655CA1E494F1 /* ChallengeDetailView.swift */,
				6673B0326A7F66939FB7CC2E /* ChallengesView.swift */,
			);
			path = Challenges;
			sourceTree = "<group>";
		};
		00DD6C4BC3B490F79C1C9C23 /* Feed */ = {
			isa = PBXGroup;
			children = (
				1DE0119D14156D9433A13D3A /* CommentSheet.swift */,
				6421AF60BF419072ADBFEE09 /* CreatorProfileView.swift */,
				92A643931F5A33B2094D2062 /* HomeView.swift */,
				6EDE7B01272229B515AE08A6 /* PostDetailView.swift */,
			);
			path = Feed;
			sourceTree = "<group>";
		};
		87AA4630000E9365AA8D53B6 /* Help */ = {
			isa = PBXGroup;
			children = (
				53DA68BF0496DF0F0AB74D48 /* HelpCenterView.swift */,
			);
			path = Help;
			sourceTree = "<group>";
		};
		78894A6359DB4FF5A9BED715 /* Messages */ = {
			isa = PBXGroup;
			children = (
				9798262B6CBE59307E0222D4 /* ChatView.swift */,
				D8BDB2B2239185CDA47AA60D /* MessagesListView.swift */,
			);
			path = Messages;
			sourceTree = "<group>";
		};
		4DA6ABA7865A5F0E4934E811 /* Onboarding */ = {
			isa = PBXGroup;
			children = (
				7E7057167E715D10664993B7 /* OnboardingView.swift */,
			);
			path = Onboarding;
			sourceTree = "<group>";
		};
		546C0B47BDD6F5E39C16D67D /* Profile */ = {
			isa = PBXGroup;
			children = (
				3DB9F13DCBAC60D386805C85 /* AchievementsView.swift */,
				4EA5091E3EBE77CC80BE17CA /* ConnectedAccountsView.swift */,
				0A33D279CDB0F0BCF59FBC64 /* EditProfileSheet.swift */,
				78DB4B80825FDAD5D8EE0738 /* NotificationsView.swift */,
				6B263992894E68B488448563 /* PersonalizationSheet.swift */,
				D1915663D9E36950C1FDEC6E /* ProfileView.swift */,
				81F10C9056658558B4E64830 /* ReferralView.swift */,
				F8CEF6894C269F24D59B7E20 /* SubscriptionView.swift */,
			);
			path = Profile;
			sourceTree = "<group>";
		};
		316B4C7368415BF4808DF304 /* Spatter */ = {
			isa = PBXGroup;
			children = (
				B818F98504E2B888168DAD10 /* SpatterOverlay.swift */,
			);
			path = Spatter;
			sourceTree = "<group>";
		};
		CDDA1C8FE2810B70DF1EFDBE /* Studio */ = {
			isa = PBXGroup;
			children = (
				86C63015D463C639D216C727 /* AIAssistPanel.swift */,
				7C8C141F5CD6D177C9E17742 /* AssetBrowserView.swift */,
				66FB7220B97EE0B140A74742 /* CanvasView.swift */,
				704FCC09EDB5389B41CBEE77 /* DrawingToolsView.swift */,
				5FD6404D46B801AB353880F2 /* EditorViewModel.swift */,
				903EF91108346903921B6C4A /* FramesGridView.swift */,
				B60486918A9C97B57348FC8F /* LayersPanel.swift */,
				72D24E434451588EE9AC203F /* PanelHeader.swift */,
				1372E4FFD9FEC6EA29431FA3 /* ProjectSettingsView.swift */,
				88EBDA69168C1E50BDB13150 /* ProjectsGalleryView.swift */,
				AD96778DEA3E9EA3C6C3E9E0 /* PropertiesPanel.swift */,
				D452066BC6B8E462CC0F0B4C /* PublishSheet.swift */,
				1D5986D4B75785634D0C3D82 /* RigToolPanel.swift */,
				C70A20A3A99368862F480553 /* SpatterStudioPanel.swift */,
				893321ABBEB0B6CF9B65328B /* StudioComponents.swift */,
				DD8E65F13157FBDEFBA6BF68 /* StudioToolKey.swift */,
				BD0950709C2528DD18F4B7C1 /* StudioUserGuide.swift */,
				6C5AEEAA9A7761BA6A81E637 /* StudioView.swift */,
				17923995DF749A864EF61570 /* TemplatesView.swift */,
				54DAF0F6912EFD1D55C92200 /* TimelinePanel.swift */,
			);
			path = Studio;
			sourceTree = "<group>";
		};
		FONTS_GRP_001 /* Fonts */ = {
			isa = PBXGroup;
			children = (
				FONT_FR_001 /* SpecialElite-Regular.ttf */,
			);
			path = Fonts;
			sourceTree = "<group>";
		};
/* End PBXGroup section */

/* Begin PBXNativeTarget section */
		000000000000000000000010 /* StickDeathInfinity */ = {
			isa = PBXNativeTarget;
			buildConfigurationList = 000000000000000000000021;
			buildPhases = (000000000000000000000040, 000000000000000000000041, 000000000000000000000042);
			buildRules = ();
			dependencies = ();
			name = StickDeathInfinity;
			productName = StickDeathInfinity;
			packageProductDependencies = (
				SPM_SUPA_PR /* Supabase */,
				SPM_STRIPE_PR /* StripePaymentSheet */,
				SPM_AUTH_PR /* Auth */,
			);
			productReference = 000000000000000000000050;
			productType = "com.apple.product-type.application";
		};
/* End PBXNativeTarget section */

/* Begin PBXProject section */
		000000000000000000000001 /* Project object */ = {
			isa = PBXProject;
			attributes = {BuildIndependentTargetsInParallel = 1; LastSwiftUpdateCheck = 1540; LastUpgradeCheck = 1540;};
			buildConfigurationList = 000000000000000000000020;
			compatibilityVersion = "Xcode 14.0";
			developmentRegion = en;
			hasScannedForEncodings = 0;
			knownRegions = (en, Base);
			mainGroup = 000000000000000000000002;
			productRefGroup = 000000000000000000000003;
			projectDirPath = "";
			projectRoot = "";
			packageReferences = (
				SPM_SUPA_PKG /* XCRemoteSwiftPackageReference "supabase-swift" */,
				SPM_STRIPE_PKG /* XCRemoteSwiftPackageReference "stripe-ios" */,
			);
			targets = (000000000000000000000010);
		};
/* End PBXProject section */

/* Begin PBXSourcesBuildPhase section */
		000000000000000000000040 /* Sources */ = {
			isa = PBXSourcesBuildPhase;
			buildActionMask = 2147483647;
			files = (
				BCAFB746B0EC8BD779D596EA /* MainTabView.swift in Sources */,
				E876B4B9ECDF494993B253F1 /* NavigationRouter.swift in Sources */,
				86EB5976EB83FCDE610AC4B0 /* RootView.swift in Sources */,
				6225BA5005B7E60C68198152 /* StickDeathInfinityApp.swift in Sources */,
				5C431C0EE083A9FB9424E947 /* ThemeManager.swift in Sources */,
				3A410D72A1BCFA1C02566B13 /* BoneRig.swift in Sources */,
				3E26721D7AA29EB7A5CECEAD /* Models.swift in Sources */,
				B88CF7C9F2EF13517B965F37 /* AIService.swift in Sources */,
				DE61186EBEB52EFA769F050B /* AdaptiveLayout.swift in Sources */,
				A61AD482FCD89BE3180F400C /* AssetLibrary.swift in Sources */,
				164725B19DACDBA691BFC75E /* AuthManager.swift in Sources */,
				AF0C07BC07597B4B41AAE52E /* HapticManager.swift in Sources */,
				B1906E9143F4D9477F4DA0CC /* OfflineManager.swift in Sources */,
				5F9A55D070C3EB2329340881 /* ProjectService.swift in Sources */,
				3E22653AD7FF9343DCFEB81F /* PublishService.swift in Sources */,
				A7A0D89E18AD05AE8B8AC579 /* PushNotificationManager.swift in Sources */,
				A5C96EAB818C6B0FBBE1C998 /* ReferralService.swift in Sources */,
				F6CF6993DAC7682D2B5B520E /* SocialAccountsManager.swift in Sources */,
				1BA9A2C89ACEA95E671D20FE /* SpatterService.swift in Sources */,
				B1B13214F577B4E1728B2538 /* StripeService.swift in Sources */,
				C56F3DE43BCE1CF081BB2168 /* SupabaseClient.swift in Sources */,
				634A1A45D0639BD45A0B236F /* WatermarkService.swift in Sources */,
				7BB51E73C5BAD143EF79D5BE /* LoginView.swift in Sources */,
				79E4C0079E29BBFF32EBB091 /* SignUpView.swift in Sources */,
				5B60B4D850B305BD38DB0241 /* WelcomeView.swift in Sources */,
				A26A6E9920BD92BF6C5A07B3 /* ChallengeDetailView.swift in Sources */,
				A6B0E8544B21C55982C2CE6C /* ChallengesView.swift in Sources */,
				9459BFAD9D6F1FAF373D3283 /* CommentSheet.swift in Sources */,
				60730401291F79431EB4A295 /* CreatorProfileView.swift in Sources */,
				8798EF93A817AB28CFB85E7B /* HomeView.swift in Sources */,
				B46E536981E3CC251BF97220 /* PostDetailView.swift in Sources */,
				7D53038BB543BC908DC4E95D /* HelpCenterView.swift in Sources */,
				3AD34DE3FFFB43C5C1CD6944 /* ChatView.swift in Sources */,
				6B664F4C94762D9CB8995DCA /* MessagesListView.swift in Sources */,
				E7113E9DBB61F9159E13C8C5 /* OnboardingView.swift in Sources */,
				5A14EE60CFAD2A6F40112BD0 /* AchievementsView.swift in Sources */,
				6F82836C49287DD1C228BC15 /* ConnectedAccountsView.swift in Sources */,
				5CD111D6830F1AF78C79DDC7 /* EditProfileSheet.swift in Sources */,
				7CFDA9B5098BDEE2A869ADD8 /* NotificationsView.swift in Sources */,
				F2A4BCA78ACFFE7457D7B796 /* PersonalizationSheet.swift in Sources */,
				9F88311F08542DD56C1C7075 /* ProfileView.swift in Sources */,
				F3AB63EAFB504394016798F3 /* ReferralView.swift in Sources */,
				57569E6EE1AF7D44C4E235BB /* SubscriptionView.swift in Sources */,
				09EB516670F7C16465155082 /* SpatterOverlay.swift in Sources */,
				428F75122FFEAE8F1AD96842 /* AIAssistPanel.swift in Sources */,
				791CD57ED49835C44A688519 /* AssetBrowserView.swift in Sources */,
				94FD1BF1F64C9127C088C59D /* CanvasView.swift in Sources */,
				D42D77A125C42CD00CEA216A /* DrawingToolsView.swift in Sources */,
				67E2AA71D568CBFA286F95E8 /* EditorViewModel.swift in Sources */,
				B22ED47374522A8E8718C71B /* FramesGridView.swift in Sources */,
				313310B3A59ADB0FFE8B9AD3 /* LayersPanel.swift in Sources */,
				B5DACF239576E69BE07C6853 /* PanelHeader.swift in Sources */,
				60841508290B169A7368915C /* ProjectSettingsView.swift in Sources */,
				4AD3ACE439E1AB49F7CA7BC6 /* ProjectsGalleryView.swift in Sources */,
				7D0875C40EC674BE0E4F8091 /* PropertiesPanel.swift in Sources */,
				32F5A8E856537179F897194E /* PublishSheet.swift in Sources */,
				5154C260B331435D5EEA024A /* RigToolPanel.swift in Sources */,
				F8D3F4ADC168B5E878A6B4CD /* SpatterStudioPanel.swift in Sources */,
				A1340C6447DBBC4E1D4DA144 /* StudioComponents.swift in Sources */,
				35FDBB8C5DD1FC2B026E8ACF /* StudioToolKey.swift in Sources */,
				60556BA97464990B56ABF194 /* StudioUserGuide.swift in Sources */,
				9496D6D5AC23C2DCA7110E1E /* StudioView.swift in Sources */,
				BDEED23BEAD9B6B886C7AD13 /* TemplatesView.swift in Sources */,
				0C1C1E101BED8E26462FD8AB /* TimelinePanel.swift in Sources */,
			);
			runOnlyForDeploymentPostprocessing = 0;
		};
/* End PBXSourcesBuildPhase section */

/* Begin PBXFrameworksBuildPhase section */
		000000000000000000000041 /* Frameworks */ = {
			isa = PBXFrameworksBuildPhase;
			buildActionMask = 2147483647;
			files = (
				SPM_SUPA_BF /* Supabase in Frameworks */,
				SPM_STRIPE_BF /* StripePaymentSheet in Frameworks */,
				SPM_AUTH_BF /* Auth in Frameworks */,
			);
			runOnlyForDeploymentPostprocessing = 0;
		};
/* End PBXFrameworksBuildPhase section */

/* Begin PBXResourcesBuildPhase section */
		000000000000000000000042 /* Resources */ = {
			isa = PBXResourcesBuildPhase;
			buildActionMask = 2147483647;
			files = (
				000000000000000000000061 /* Assets.xcassets in Resources */,
				FONT_BF_001 /* SpecialElite-Regular.ttf in Resources */,
			);
			runOnlyForDeploymentPostprocessing = 0;
		};
/* End PBXResourcesBuildPhase section */

/* Begin XCBuildConfiguration section */
		000000000000000000000030 /* Debug */ = {
			isa = XCBuildConfiguration;
			buildSettings = {
				ALWAYS_SEARCH_USER_PATHS = NO;
				CLANG_ENABLE_MODULES = YES;
				COPY_PHASE_STRIP = NO;
				DEBUG_INFORMATION_FORMAT = dwarf;
				GCC_OPTIMIZATION_LEVEL = 0;
				GCC_PREPROCESSOR_DEFINITIONS = ("DEBUG=1","$(inherited)");
				ONLY_ACTIVE_ARCH = YES;
				SDKROOT = iphoneos;
				SWIFT_ACTIVE_COMPILATION_CONDITIONS = "$(inherited) DEBUG";
				SWIFT_OPTIMIZATION_LEVEL = "-Onone";
			};
			name = Debug;
		};
		000000000000000000000031 /* Release */ = {
			isa = XCBuildConfiguration;
			buildSettings = {
				ALWAYS_SEARCH_USER_PATHS = NO;
				CLANG_ENABLE_MODULES = YES;
				COPY_PHASE_STRIP = NO;
				DEBUG_INFORMATION_FORMAT = "dwarf-with-dsym";
				ENABLE_NS_ASSERTIONS = NO;
				SDKROOT = iphoneos;
				SWIFT_COMPILATION_MODE = wholemodule;
				VALIDATE_PRODUCT = YES;
			};
			name = Release;
		};
		000000000000000000000032 /* Debug */ = {
			isa = XCBuildConfiguration;
			buildSettings = {
				ASSETCATALOG_COMPILER_APPICON_NAME = AppIcon;
				CODE_SIGN_STYLE = Automatic;
				CURRENT_PROJECT_VERSION = 1;
				GENERATE_INFOPLIST_FILE = YES;
				INFOPLIST_FILE = "Info.plist";
				INFOPLIST_KEY_CFBundleDisplayName = "STICKDEATH ∞";
				INFOPLIST_KEY_LSApplicationCategoryType = "public.app-category.entertainment";
				INFOPLIST_KEY_NSCameraUsageDescription = "STICKDEATH ∞ needs camera access to import photos and videos for your animations.";
				INFOPLIST_KEY_NSMicrophoneUsageDescription = "STICKDEATH ∞ needs microphone access to record audio for your animations.";
				INFOPLIST_KEY_NSPhotoLibraryUsageDescription = "STICKDEATH ∞ needs photo library access to import and save animations.";
				INFOPLIST_KEY_UIApplicationSceneManifest_Generation = YES;
				INFOPLIST_KEY_UILaunchScreen_Generation = YES;
				INFOPLIST_KEY_UISupportedInterfaceOrientations = UIInterfaceOrientationPortrait;
				IPHONEOS_DEPLOYMENT_TARGET = 17.0;
				LD_RUNPATH_SEARCH_PATHS = ("$(inherited)","@executable_path/Frameworks");
				MARKETING_VERSION = 1.0;
				PRODUCT_BUNDLE_IDENTIFIER = "com.willisnmb.stickdeath-infinity";
				PRODUCT_NAME = "$(TARGET_NAME)";
				SWIFT_EMIT_LOC_STRINGS = YES;
				SWIFT_VERSION = 5.0;
				TARGETED_DEVICE_FAMILY = "1,2";
			};
			name = Debug;
		};
		000000000000000000000033 /* Release */ = {
			isa = XCBuildConfiguration;
			buildSettings = {
				ASSETCATALOG_COMPILER_APPICON_NAME = AppIcon;
				CODE_SIGN_STYLE = Automatic;
				CURRENT_PROJECT_VERSION = 1;
				GENERATE_INFOPLIST_FILE = YES;
				INFOPLIST_FILE = "Info.plist";
				INFOPLIST_KEY_CFBundleDisplayName = "STICKDEATH ∞";
				INFOPLIST_KEY_LSApplicationCategoryType = "public.app-category.entertainment";
				INFOPLIST_KEY_NSCameraUsageDescription = "STICKDEATH ∞ needs camera access to import photos and videos for your animations.";
				INFOPLIST_KEY_NSMicrophoneUsageDescription = "STICKDEATH ∞ needs microphone access to record audio for your animations.";
				INFOPLIST_KEY_NSPhotoLibraryUsageDescription = "STICKDEATH ∞ needs photo library access to import and save animations.";
				INFOPLIST_KEY_UIApplicationSceneManifest_Generation = YES;
				INFOPLIST_KEY_UILaunchScreen_Generation = YES;
				INFOPLIST_KEY_UISupportedInterfaceOrientations = UIInterfaceOrientationPortrait;
				IPHONEOS_DEPLOYMENT_TARGET = 17.0;
				LD_RUNPATH_SEARCH_PATHS = ("$(inherited)","@executable_path/Frameworks");
				MARKETING_VERSION = 1.0;
				PRODUCT_BUNDLE_IDENTIFIER = "com.willisnmb.stickdeath-infinity";
				PRODUCT_NAME = "$(TARGET_NAME)";
				SWIFT_EMIT_LOC_STRINGS = YES;
				SWIFT_VERSION = 5.0;
				TARGETED_DEVICE_FAMILY = "1,2";
			};
			name = Release;
		};
/* End XCBuildConfiguration section */

/* Begin XCConfigurationList section */
		000000000000000000000020 = {
			isa = XCConfigurationList;
			buildConfigurations = (000000000000000000000030, 000000000000000000000031);
			defaultConfigurationIsVisible = 0;
			defaultConfigurationName = Release;
		};
		000000000000000000000021 = {
			isa = XCConfigurationList;
			buildConfigurations = (000000000000000000000032, 000000000000000000000033);
			defaultConfigurationIsVisible = 0;
			defaultConfigurationName = Release;
		};
/* End XCConfigurationList section */


/* Begin XCRemoteSwiftPackageReference section */
		SPM_SUPA_PKG /* XCRemoteSwiftPackageReference "supabase-swift" */ = {
			isa = XCRemoteSwiftPackageReference;
			repositoryURL = "https://github.com/supabase/supabase-swift.git";
			requirement = {
				kind = upToNextMajorVersion;
				minimumVersion = 2.0.0;
			};
		};
		SPM_STRIPE_PKG /* XCRemoteSwiftPackageReference "stripe-ios" */ = {
			isa = XCRemoteSwiftPackageReference;
			repositoryURL = "https://github.com/stripe/stripe-ios.git";
			requirement = {
				kind = upToNextMajorVersion;
				minimumVersion = 23.0.0;
			};
		};
/* End XCRemoteSwiftPackageReference section */

/* Begin XCSwiftPackageProductDependency section */
		SPM_SUPA_PR /* Supabase */ = {
			isa = XCSwiftPackageProductDependency;
			package = SPM_SUPA_PKG;
			productName = Supabase;
		};
		SPM_STRIPE_PR /* StripePaymentSheet */ = {
			isa = XCSwiftPackageProductDependency;
			package = SPM_STRIPE_PKG;
			productName = StripePaymentSheet;
		};
		SPM_AUTH_PR /* Auth */ = {
			isa = XCSwiftPackageProductDependency;
			package = SPM_SUPA_PKG;
			productName = Auth;
		};
/* End XCSwiftPackageProductDependency section */

	};
	rootObject = 000000000000000000000001;
}