// !$*UTF8*$!
{
	archiveVersion = 1;
	classes = {
	};
	objectVersion = 56;
	objects = {

/* Begin PBXBuildFile section */
		7F417B5E2E9D78441B61DB3B /* MainTabView.swift in Sources */ = {isa = PBXBuildFile; fileRef = 9E4B8A15BF04A1864277C2FF /* MainTabView.swift */; };
		CBB79EF5860BD6A76D5D3131 /* RootView.swift in Sources */ = {isa = PBXBuildFile; fileRef = AE41CFCF0274CDE0ECA8DCDB /* RootView.swift */; };
		EDBAFCD6D6D9ED01BE8C67BF /* StickDeathInfinityApp.swift in Sources */ = {isa = PBXBuildFile; fileRef = BE5A375BE06274155FCADE8C /* StickDeathInfinityApp.swift */; };
		6ABDD84DF66CFFBF0D621BC5 /* ThemeManager.swift in Sources */ = {isa = PBXBuildFile; fileRef = 0D662AE54A0E1F6874B95C74 /* ThemeManager.swift */; };
		EC15240E9E3DDC8E37C2007A /* Models.swift in Sources */ = {isa = PBXBuildFile; fileRef = 5E0905510A8D1564B6A76CDD /* Models.swift */; };
		82F4E1292134542683B1AC7F /* AIService.swift in Sources */ = {isa = PBXBuildFile; fileRef = 5A5E161646FA834A59A86FBF /* AIService.swift */; };
		E1E588F7218E030A2D3224DA /* AdaptiveLayout.swift in Sources */ = {isa = PBXBuildFile; fileRef = B65B26B43AC0A0496E97313D /* AdaptiveLayout.swift */; };
		EB2C731EE8A1756592AEBF5A /* AssetLibrary.swift in Sources */ = {isa = PBXBuildFile; fileRef = 9ECF428694694A39AA39281F /* AssetLibrary.swift */; };
		884D9528481ABA5422004144 /* AuthManager.swift in Sources */ = {isa = PBXBuildFile; fileRef = E65EB0E8F5F3460025544825 /* AuthManager.swift */; };
		87E535933195A6BDF56BAA03 /* HapticManager.swift in Sources */ = {isa = PBXBuildFile; fileRef = AC427A810B192FADEBC9C4EE /* HapticManager.swift */; };
		233CC634FDAC1D5F45C27054 /* OfflineManager.swift in Sources */ = {isa = PBXBuildFile; fileRef = DBF76CF97DDD0FC58052A173 /* OfflineManager.swift */; };
		EF001EB2C883A3D9694864E4 /* ProjectService.swift in Sources */ = {isa = PBXBuildFile; fileRef = 6622390F4915530C05699339 /* ProjectService.swift */; };
		4488B1A73559895EB7028076 /* PublishService.swift in Sources */ = {isa = PBXBuildFile; fileRef = B9C1A338152E1A8DD7CFB087 /* PublishService.swift */; };
		26B48BB999FA8A2ED3FB5EF2 /* PushNotificationManager.swift in Sources */ = {isa = PBXBuildFile; fileRef = 1F94DD1E3CD379D62C130B65 /* PushNotificationManager.swift */; };
		459F93C951EEB5E25F884971 /* ReferralService.swift in Sources */ = {isa = PBXBuildFile; fileRef = 9A2F42A2019D834A7A3C76CA /* ReferralService.swift */; };
		CD5FB166D8C9C1C9BE4E795F /* SocialAccountsManager.swift in Sources */ = {isa = PBXBuildFile; fileRef = 698E78EC96A3771D82118C27 /* SocialAccountsManager.swift */; };
		49CB79781AFF0B99CC04E54D /* SpatterService.swift in Sources */ = {isa = PBXBuildFile; fileRef = 58CD0C03B4F58CE1E10604D1 /* SpatterService.swift */; };
		A9DC2802172BB3DE6A7E3F6B /* StripeService.swift in Sources */ = {isa = PBXBuildFile; fileRef = 7A915FCB33AE6624464DAC41 /* StripeService.swift */; };
		483E040088A145BF5383BC4E /* SupabaseClient.swift in Sources */ = {isa = PBXBuildFile; fileRef = DD6062B6FC0E75636259587E /* SupabaseClient.swift */; };
		691D298A837E9F2E721F1C14 /* WatermarkService.swift in Sources */ = {isa = PBXBuildFile; fileRef = 4943A42F0D50B9980A79C786 /* WatermarkService.swift */; };
		119DD9B2CE3326DBA0C1F959 /* LoginView.swift in Sources */ = {isa = PBXBuildFile; fileRef = 5224F9D30B59A4BEA20CD7EA /* LoginView.swift */; };
		B57D8DA76FCA64ADC2985C51 /* SignUpView.swift in Sources */ = {isa = PBXBuildFile; fileRef = 26C9645F3F12805B64360D5E /* SignUpView.swift */; };
		320438024F121C11F773E541 /* WelcomeView.swift in Sources */ = {isa = PBXBuildFile; fileRef = DE040BDC0018AD38D0CD61BE /* WelcomeView.swift */; };
		7B48F6996E9CCE1917E91F51 /* FeedView.swift in Sources */ = {isa = PBXBuildFile; fileRef = 4DD6D61AAAEBC033293FBE8F /* FeedView.swift */; };
		30336FF16AA3F4A1527CA4E5 /* HelpCenterView.swift in Sources */ = {isa = PBXBuildFile; fileRef = EF28F460D05B8C5C82200A9D /* HelpCenterView.swift */; };
		EB9BF036422D8A8B3017299D /* MessagesListView.swift in Sources */ = {isa = PBXBuildFile; fileRef = 4D2D6CFAB48853F4A24CBCD5 /* MessagesListView.swift */; };
		185FC7FC6371BC33005DE022 /* OnboardingView.swift in Sources */ = {isa = PBXBuildFile; fileRef = 74B2669C75E5710F81A9A865 /* OnboardingView.swift */; };
		8409B59C8D5A520AA1684FCE /* ConnectedAccountsView.swift in Sources */ = {isa = PBXBuildFile; fileRef = 7B482B650CDB3ADFFDA71EE0 /* ConnectedAccountsView.swift */; };
		D10ED64E048B8118FD8CD6AA /* ProfileView.swift in Sources */ = {isa = PBXBuildFile; fileRef = F757682E8F1F36D76D17BEF6 /* ProfileView.swift */; };
		BF9148A2CDC4DB185F0027B7 /* ReferralView.swift in Sources */ = {isa = PBXBuildFile; fileRef = 28B80E014111D5052AB4AAAD /* ReferralView.swift */; };
		13F60803203EDB7F85EC358C /* AIAssistPanel.swift in Sources */ = {isa = PBXBuildFile; fileRef = 44D5834DB530661B1B0C04A1 /* AIAssistPanel.swift */; };
		0982171D0BBDDAEFE4B316BD /* AssetBrowserView.swift in Sources */ = {isa = PBXBuildFile; fileRef = DF19E2E48807D43E0BE55642 /* AssetBrowserView.swift */; };
		AE81244BFD1A54418E6A67C3 /* CanvasView.swift in Sources */ = {isa = PBXBuildFile; fileRef = AFF71D8A532026B9F93EB2AB /* CanvasView.swift */; };
		382F311DED499DBA4AC4361B /* DrawingToolsView.swift in Sources */ = {isa = PBXBuildFile; fileRef = B01AA39EC482CE99D17C181C /* DrawingToolsView.swift */; };
		112321D17F5253CE478DA7BC /* EditorViewModel.swift in Sources */ = {isa = PBXBuildFile; fileRef = A7A43851B3F7B12176F25418 /* EditorViewModel.swift */; };
		CE7F764A4EF05DD56E6C5A63 /* FramesGridView.swift in Sources */ = {isa = PBXBuildFile; fileRef = 6BFCF345298BF921C8A3BD21 /* FramesGridView.swift */; };
		2111248963EEBD0593A7CAA5 /* LayersPanel.swift in Sources */ = {isa = PBXBuildFile; fileRef = 078E3BFB7B7E9D4B3E8AA59D /* LayersPanel.swift */; };
		50ABA2A3F5241A3DEA31F332 /* PanelHeader.swift in Sources */ = {isa = PBXBuildFile; fileRef = 128C5C9C365C119CDD7226DA /* PanelHeader.swift */; };
		97F377E1FF20C6D6696A8BAA /* ProjectSettingsView.swift in Sources */ = {isa = PBXBuildFile; fileRef = F30EC93D8A8CA9FC6BB4E0E3 /* ProjectSettingsView.swift */; };
		0F64BC4BC9F9508E17CE915C /* ProjectsGalleryView.swift in Sources */ = {isa = PBXBuildFile; fileRef = 93C28D2FAB69C5827E2D4443 /* ProjectsGalleryView.swift */; };
		13DFC540E140B94A009E8CE8 /* PropertiesPanel.swift in Sources */ = {isa = PBXBuildFile; fileRef = 48620A59E65068B106981FBF /* PropertiesPanel.swift */; };
		6152B2357CCFFE75096C19F4 /* PublishSheet.swift in Sources */ = {isa = PBXBuildFile; fileRef = 8260796D8C14DE0437A13E8A /* PublishSheet.swift */; };
		17DC81CC17100B75E46C76D1 /* SpatterStudioPanel.swift in Sources */ = {isa = PBXBuildFile; fileRef = F52A2B80EBE37A4A2CE60616 /* SpatterStudioPanel.swift */; };
		943A0C67DAAED9B5BF9C57CD /* StudioComponents.swift in Sources */ = {isa = PBXBuildFile; fileRef = B53825218A05F277DD51F231 /* StudioComponents.swift */; };
		97CE274A5301C1ABDCEF00F6 /* StudioView.swift in Sources */ = {isa = PBXBuildFile; fileRef = 6E31409710FC8A728C3F0AF7 /* StudioView.swift */; };
		642F23BE0C4393C376B70827 /* TemplatesView.swift in Sources */ = {isa = PBXBuildFile; fileRef = C3F271C4F341C2A9FCA95284 /* TemplatesView.swift */; };
		B37CC4FEA883C318684EBA0B /* TimelinePanel.swift in Sources */ = {isa = PBXBuildFile; fileRef = 60B10FF40EF2AA51D08F4950 /* TimelinePanel.swift */; };
		D0687455C07D878E9DB04308 /* Assets.xcassets in Resources */ = {isa = PBXBuildFile; fileRef = 671E5B54412D9F8033A8454C /* Assets.xcassets */; };
		564FBB66DFEE5D81009B1BBC /* Supabase in Frameworks */ = {isa = PBXBuildFile; productRef = 8935AF85AFBFD27B6ABA917C /* Supabase */; };
		AFB68BE0CBCA81AA74C1C190 /* StripePaymentSheet in Frameworks */ = {isa = PBXBuildFile; productRef = A3100A4149FE2E172CC81EA4 /* StripePaymentSheet */; };
/* End PBXBuildFile section */

/* Begin PBXFileReference section */
		0B8FE8C58B23D2288819C897 /* StickDeathInfinity.app */ = {isa = PBXFileReference; explicitFileType = wrapper.application; includeInIndex = 0; path = StickDeathInfinity.app; sourceTree = BUILT_PRODUCTS_DIR; };
		9E4B8A15BF04A1864277C2FF /* MainTabView.swift */ = {isa = PBXFileReference; lastKnownFileType = sourcecode.swift; path = MainTabView.swift; sourceTree = "<group>"; };
		AE41CFCF0274CDE0ECA8DCDB /* RootView.swift */ = {isa = PBXFileReference; lastKnownFileType = sourcecode.swift; path = RootView.swift; sourceTree = "<group>"; };
		BE5A375BE06274155FCADE8C /* StickDeathInfinityApp.swift */ = {isa = PBXFileReference; lastKnownFileType = sourcecode.swift; path = StickDeathInfinityApp.swift; sourceTree = "<group>"; };
		0D662AE54A0E1F6874B95C74 /* ThemeManager.swift */ = {isa = PBXFileReference; lastKnownFileType = sourcecode.swift; path = ThemeManager.swift; sourceTree = "<group>"; };
		5E0905510A8D1564B6A76CDD /* Models.swift */ = {isa = PBXFileReference; lastKnownFileType = sourcecode.swift; path = Models.swift; sourceTree = "<group>"; };
		5A5E161646FA834A59A86FBF /* AIService.swift */ = {isa = PBXFileReference; lastKnownFileType = sourcecode.swift; path = AIService.swift; sourceTree = "<group>"; };
		B65B26B43AC0A0496E97313D /* AdaptiveLayout.swift */ = {isa = PBXFileReference; lastKnownFileType = sourcecode.swift; path = AdaptiveLayout.swift; sourceTree = "<group>"; };
		9ECF428694694A39AA39281F /* AssetLibrary.swift */ = {isa = PBXFileReference; lastKnownFileType = sourcecode.swift; path = AssetLibrary.swift; sourceTree = "<group>"; };
		E65EB0E8F5F3460025544825 /* AuthManager.swift */ = {isa = PBXFileReference; lastKnownFileType = sourcecode.swift; path = AuthManager.swift; sourceTree = "<group>"; };
		AC427A810B192FADEBC9C4EE /* HapticManager.swift */ = {isa = PBXFileReference; lastKnownFileType = sourcecode.swift; path = HapticManager.swift; sourceTree = "<group>"; };
		DBF76CF97DDD0FC58052A173 /* OfflineManager.swift */ = {isa = PBXFileReference; lastKnownFileType = sourcecode.swift; path = OfflineManager.swift; sourceTree = "<group>"; };
		6622390F4915530C05699339 /* ProjectService.swift */ = {isa = PBXFileReference; lastKnownFileType = sourcecode.swift; path = ProjectService.swift; sourceTree = "<group>"; };
		B9C1A338152E1A8DD7CFB087 /* PublishService.swift */ = {isa = PBXFileReference; lastKnownFileType = sourcecode.swift; path = PublishService.swift; sourceTree = "<group>"; };
		1F94DD1E3CD379D62C130B65 /* PushNotificationManager.swift */ = {isa = PBXFileReference; lastKnownFileType = sourcecode.swift; path = PushNotificationManager.swift; sourceTree = "<group>"; };
		9A2F42A2019D834A7A3C76CA /* ReferralService.swift */ = {isa = PBXFileReference; lastKnownFileType = sourcecode.swift; path = ReferralService.swift; sourceTree = "<group>"; };
		698E78EC96A3771D82118C27 /* SocialAccountsManager.swift */ = {isa = PBXFileReference; lastKnownFileType = sourcecode.swift; path = SocialAccountsManager.swift; sourceTree = "<group>"; };
		58CD0C03B4F58CE1E10604D1 /* SpatterService.swift */ = {isa = PBXFileReference; lastKnownFileType = sourcecode.swift; path = SpatterService.swift; sourceTree = "<group>"; };
		7A915FCB33AE6624464DAC41 /* StripeService.swift */ = {isa = PBXFileReference; lastKnownFileType = sourcecode.swift; path = StripeService.swift; sourceTree = "<group>"; };
		DD6062B6FC0E75636259587E /* SupabaseClient.swift */ = {isa = PBXFileReference; lastKnownFileType = sourcecode.swift; path = SupabaseClient.swift; sourceTree = "<group>"; };
		4943A42F0D50B9980A79C786 /* WatermarkService.swift */ = {isa = PBXFileReference; lastKnownFileType = sourcecode.swift; path = WatermarkService.swift; sourceTree = "<group>"; };
		5224F9D30B59A4BEA20CD7EA /* LoginView.swift */ = {isa = PBXFileReference; lastKnownFileType = sourcecode.swift; path = LoginView.swift; sourceTree = "<group>"; };
		26C9645F3F12805B64360D5E /* SignUpView.swift */ = {isa = PBXFileReference; lastKnownFileType = sourcecode.swift; path = SignUpView.swift; sourceTree = "<group>"; };
		DE040BDC0018AD38D0CD61BE /* WelcomeView.swift */ = {isa = PBXFileReference; lastKnownFileType = sourcecode.swift; path = WelcomeView.swift; sourceTree = "<group>"; };
		4DD6D61AAAEBC033293FBE8F /* FeedView.swift */ = {isa = PBXFileReference; lastKnownFileType = sourcecode.swift; path = FeedView.swift; sourceTree = "<group>"; };
		EF28F460D05B8C5C82200A9D /* HelpCenterView.swift */ = {isa = PBXFileReference; lastKnownFileType = sourcecode.swift; path = HelpCenterView.swift; sourceTree = "<group>"; };
		4D2D6CFAB48853F4A24CBCD5 /* MessagesListView.swift */ = {isa = PBXFileReference; lastKnownFileType = sourcecode.swift; path = MessagesListView.swift; sourceTree = "<group>"; };
		74B2669C75E5710F81A9A865 /* OnboardingView.swift */ = {isa = PBXFileReference; lastKnownFileType = sourcecode.swift; path = OnboardingView.swift; sourceTree = "<group>"; };
		7B482B650CDB3ADFFDA71EE0 /* ConnectedAccountsView.swift */ = {isa = PBXFileReference; lastKnownFileType = sourcecode.swift; path = ConnectedAccountsView.swift; sourceTree = "<group>"; };
		F757682E8F1F36D76D17BEF6 /* ProfileView.swift */ = {isa = PBXFileReference; lastKnownFileType = sourcecode.swift; path = ProfileView.swift; sourceTree = "<group>"; };
		28B80E014111D5052AB4AAAD /* ReferralView.swift */ = {isa = PBXFileReference; lastKnownFileType = sourcecode.swift; path = ReferralView.swift; sourceTree = "<group>"; };
		44D5834DB530661B1B0C04A1 /* AIAssistPanel.swift */ = {isa = PBXFileReference; lastKnownFileType = sourcecode.swift; path = AIAssistPanel.swift; sourceTree = "<group>"; };
		DF19E2E48807D43E0BE55642 /* AssetBrowserView.swift */ = {isa = PBXFileReference; lastKnownFileType = sourcecode.swift; path = AssetBrowserView.swift; sourceTree = "<group>"; };
		AFF71D8A532026B9F93EB2AB /* CanvasView.swift */ = {isa = PBXFileReference; lastKnownFileType = sourcecode.swift; path = CanvasView.swift; sourceTree = "<group>"; };
		B01AA39EC482CE99D17C181C /* DrawingToolsView.swift */ = {isa = PBXFileReference; lastKnownFileType = sourcecode.swift; path = DrawingToolsView.swift; sourceTree = "<group>"; };
		A7A43851B3F7B12176F25418 /* EditorViewModel.swift */ = {isa = PBXFileReference; lastKnownFileType = sourcecode.swift; path = EditorViewModel.swift; sourceTree = "<group>"; };
		6BFCF345298BF921C8A3BD21 /* FramesGridView.swift */ = {isa = PBXFileReference; lastKnownFileType = sourcecode.swift; path = FramesGridView.swift; sourceTree = "<group>"; };
		078E3BFB7B7E9D4B3E8AA59D /* LayersPanel.swift */ = {isa = PBXFileReference; lastKnownFileType = sourcecode.swift; path = LayersPanel.swift; sourceTree = "<group>"; };
		128C5C9C365C119CDD7226DA /* PanelHeader.swift */ = {isa = PBXFileReference; lastKnownFileType = sourcecode.swift; path = PanelHeader.swift; sourceTree = "<group>"; };
		F30EC93D8A8CA9FC6BB4E0E3 /* ProjectSettingsView.swift */ = {isa = PBXFileReference; lastKnownFileType = sourcecode.swift; path = ProjectSettingsView.swift; sourceTree = "<group>"; };
		93C28D2FAB69C5827E2D4443 /* ProjectsGalleryView.swift */ = {isa = PBXFileReference; lastKnownFileType = sourcecode.swift; path = ProjectsGalleryView.swift; sourceTree = "<group>"; };
		48620A59E65068B106981FBF /* PropertiesPanel.swift */ = {isa = PBXFileReference; lastKnownFileType = sourcecode.swift; path = PropertiesPanel.swift; sourceTree = "<group>"; };
		8260796D8C14DE0437A13E8A /* PublishSheet.swift */ = {isa = PBXFileReference; lastKnownFileType = sourcecode.swift; path = PublishSheet.swift; sourceTree = "<group>"; };
		F52A2B80EBE37A4A2CE60616 /* SpatterStudioPanel.swift */ = {isa = PBXFileReference; lastKnownFileType = sourcecode.swift; path = SpatterStudioPanel.swift; sourceTree = "<group>"; };
		B53825218A05F277DD51F231 /* StudioComponents.swift */ = {isa = PBXFileReference; lastKnownFileType = sourcecode.swift; path = StudioComponents.swift; sourceTree = "<group>"; };
		6E31409710FC8A728C3F0AF7 /* StudioView.swift */ = {isa = PBXFileReference; lastKnownFileType = sourcecode.swift; path = StudioView.swift; sourceTree = "<group>"; };
		C3F271C4F341C2A9FCA95284 /* TemplatesView.swift */ = {isa = PBXFileReference; lastKnownFileType = sourcecode.swift; path = TemplatesView.swift; sourceTree = "<group>"; };
		60B10FF40EF2AA51D08F4950 /* TimelinePanel.swift */ = {isa = PBXFileReference; lastKnownFileType = sourcecode.swift; path = TimelinePanel.swift; sourceTree = "<group>"; };
		671E5B54412D9F8033A8454C /* Assets.xcassets */ = {isa = PBXFileReference; lastKnownFileType = folder.assetcatalog; path = Assets.xcassets; sourceTree = "<group>"; };
/* End PBXFileReference section */

/* Begin PBXFrameworksBuildPhase section */
		059DB2086B49B680F85B3555 /* Frameworks */ = {
			isa = PBXFrameworksBuildPhase;
			buildActionMask = 2147483647;
			files = (
				564FBB66DFEE5D81009B1BBC /* Supabase in Frameworks */,
				AFB68BE0CBCA81AA74C1C190 /* StripePaymentSheet in Frameworks */,
			);
			runOnlyForDeploymentPostprocessing = 0;
		};
/* End PBXFrameworksBuildPhase section */

/* Begin PBXGroup section */
		2B731CEFC6751AAE0EC69B98 = {
			isa = PBXGroup;
			children = (
				FE34C8CEB318C70FA0D7E5C4 /* Sources */,
				671E5B54412D9F8033A8454C /* Assets.xcassets */,
				0A2C978E52A76F0AA9F68BB5 /* Products */,
			);
			sourceTree = "<group>";
		};
		0A2C978E52A76F0AA9F68BB5 /* Products */ = {
			isa = PBXGroup;
			children = (
				0B8FE8C58B23D2288819C897 /* StickDeathInfinity.app */,
			);
			name = Products;
			sourceTree = "<group>";
		};
		FE34C8CEB318C70FA0D7E5C4 /* Sources */ = {
			isa = PBXGroup;
			children = (
				1AAFDF08517A02B7853CDC21 /* App */,
				B7568FA82D86C5DA295467A7 /* Models */,
				F8034581EC1333825ED9ED61 /* Services */,
				72F00DB58B1742853D0E46A7 /* Views */,
			);
			path = Sources;
			sourceTree = "<group>";
		};
		1AAFDF08517A02B7853CDC21 /* App */ = {
			isa = PBXGroup;
			children = (
				9E4B8A15BF04A1864277C2FF /* MainTabView.swift */,
				AE41CFCF0274CDE0ECA8DCDB /* RootView.swift */,
				BE5A375BE06274155FCADE8C /* StickDeathInfinityApp.swift */,
				0D662AE54A0E1F6874B95C74 /* ThemeManager.swift */,
			);
			path = App;
			sourceTree = "<group>";
		};
		B7568FA82D86C5DA295467A7 /* Models */ = {
			isa = PBXGroup;
			children = (
				5E0905510A8D1564B6A76CDD /* Models.swift */,
			);
			path = Models;
			sourceTree = "<group>";
		};
		F8034581EC1333825ED9ED61 /* Services */ = {
			isa = PBXGroup;
			children = (
				5A5E161646FA834A59A86FBF /* AIService.swift */,
				B65B26B43AC0A0496E97313D /* AdaptiveLayout.swift */,
				9ECF428694694A39AA39281F /* AssetLibrary.swift */,
				E65EB0E8F5F3460025544825 /* AuthManager.swift */,
				AC427A810B192FADEBC9C4EE /* HapticManager.swift */,
				DBF76CF97DDD0FC58052A173 /* OfflineManager.swift */,
				6622390F4915530C05699339 /* ProjectService.swift */,
				B9C1A338152E1A8DD7CFB087 /* PublishService.swift */,
				1F94DD1E3CD379D62C130B65 /* PushNotificationManager.swift */,
				9A2F42A2019D834A7A3C76CA /* ReferralService.swift */,
				698E78EC96A3771D82118C27 /* SocialAccountsManager.swift */,
				58CD0C03B4F58CE1E10604D1 /* SpatterService.swift */,
				7A915FCB33AE6624464DAC41 /* StripeService.swift */,
				DD6062B6FC0E75636259587E /* SupabaseClient.swift */,
				4943A42F0D50B9980A79C786 /* WatermarkService.swift */,
			);
			path = Services;
			sourceTree = "<group>";
		};
		72F00DB58B1742853D0E46A7 /* Views */ = {
			isa = PBXGroup;
			children = (
				0DF1EB2F3A4427A038F1D8BF /* Auth */,
				00DD6C4BC3B490F79C1C9C23 /* Feed */,
				87AA4630000E9365AA8D53B6 /* Help */,
				78894A6359DB4FF5A9BED715 /* Messages */,
				4DA6ABA7865A5F0E4934E811 /* Onboarding */,
				546C0B47BDD6F5E39C16D67D /* Profile */,
				CDDA1C8FE2810B70DF1EFDBE /* Studio */,
			);
			path = Views;
			sourceTree = "<group>";
		};
		0DF1EB2F3A4427A038F1D8BF /* Auth */ = {
			isa = PBXGroup;
			children = (
				5224F9D30B59A4BEA20CD7EA /* LoginView.swift */,
				26C9645F3F12805B64360D5E /* SignUpView.swift */,
				DE040BDC0018AD38D0CD61BE /* WelcomeView.swift */,
			);
			path = Auth;
			sourceTree = "<group>";
		};
		00DD6C4BC3B490F79C1C9C23 /* Feed */ = {
			isa = PBXGroup;
			children = (
				4DD6D61AAAEBC033293FBE8F /* FeedView.swift */,
			);
			path = Feed;
			sourceTree = "<group>";
		};
		87AA4630000E9365AA8D53B6 /* Help */ = {
			isa = PBXGroup;
			children = (
				EF28F460D05B8C5C82200A9D /* HelpCenterView.swift */,
			);
			path = Help;
			sourceTree = "<group>";
		};
		78894A6359DB4FF5A9BED715 /* Messages */ = {
			isa = PBXGroup;
			children = (
				4D2D6CFAB48853F4A24CBCD5 /* MessagesListView.swift */,
			);
			path = Messages;
			sourceTree = "<group>";
		};
		4DA6ABA7865A5F0E4934E811 /* Onboarding */ = {
			isa = PBXGroup;
			children = (
				74B2669C75E5710F81A9A865 /* OnboardingView.swift */,
			);
			path = Onboarding;
			sourceTree = "<group>";
		};
		546C0B47BDD6F5E39C16D67D /* Profile */ = {
			isa = PBXGroup;
			children = (
				7B482B650CDB3ADFFDA71EE0 /* ConnectedAccountsView.swift */,
				F757682E8F1F36D76D17BEF6 /* ProfileView.swift */,
				28B80E014111D5052AB4AAAD /* ReferralView.swift */,
			);
			path = Profile;
			sourceTree = "<group>";
		};
		CDDA1C8FE2810B70DF1EFDBE /* Studio */ = {
			isa = PBXGroup;
			children = (
				44D5834DB530661B1B0C04A1 /* AIAssistPanel.swift */,
				DF19E2E48807D43E0BE55642 /* AssetBrowserView.swift */,
				AFF71D8A532026B9F93EB2AB /* CanvasView.swift */,
				B01AA39EC482CE99D17C181C /* DrawingToolsView.swift */,
				A7A43851B3F7B12176F25418 /* EditorViewModel.swift */,
				6BFCF345298BF921C8A3BD21 /* FramesGridView.swift */,
				078E3BFB7B7E9D4B3E8AA59D /* LayersPanel.swift */,
				128C5C9C365C119CDD7226DA /* PanelHeader.swift */,
				F30EC93D8A8CA9FC6BB4E0E3 /* ProjectSettingsView.swift */,
				93C28D2FAB69C5827E2D4443 /* ProjectsGalleryView.swift */,
				48620A59E65068B106981FBF /* PropertiesPanel.swift */,
				8260796D8C14DE0437A13E8A /* PublishSheet.swift */,
				F52A2B80EBE37A4A2CE60616 /* SpatterStudioPanel.swift */,
				B53825218A05F277DD51F231 /* StudioComponents.swift */,
				6E31409710FC8A728C3F0AF7 /* StudioView.swift */,
				C3F271C4F341C2A9FCA95284 /* TemplatesView.swift */,
				60B10FF40EF2AA51D08F4950 /* TimelinePanel.swift */,
			);
			path = Studio;
			sourceTree = "<group>";
		};
/* End PBXGroup section */

/* Begin PBXNativeTarget section */
		42AEFBAE01D2DFD981F7DA7D /* StickDeathInfinity */ = {
			isa = PBXNativeTarget;
			buildConfigurationList = 84BD75DECF42B745CB4F39AA /* Build configuration list for PBXNativeTarget */;
			buildPhases = (
				FCA229C23F166EBB0BA5029E /* Sources */,
				059DB2086B49B680F85B3555 /* Frameworks */,
				B9C6EB6F79FC54535ACB3053 /* Resources */,
			);
			buildRules = (
			);
			dependencies = (
			);
			name = StickDeathInfinity;
			packageProductDependencies = (
				8935AF85AFBFD27B6ABA917C /* Supabase */,
				A3100A4149FE2E172CC81EA4 /* StripePaymentSheet */,
			);
			productName = StickDeathInfinity;
			productReference = 0B8FE8C58B23D2288819C897 /* StickDeathInfinity.app */;
			productType = "com.apple.product-type.application";
		};
/* End PBXNativeTarget section */

/* Begin PBXProject section */
		46F86FAA6BBF9AC94A7E4595 /* Project object */ = {
			isa = PBXProject;
			buildConfigurationList = 1E2EF4F27A9C5D42CF8A02FE /* Build configuration list for PBXProject */;
			compatibilityVersion = "Xcode 14.0";
			developmentRegion = en;
			hasScannedForEncodings = 0;
			knownRegions = (
				en,
				Base,
			);
			mainGroup = 2B731CEFC6751AAE0EC69B98;
			packageReferences = (
				2B8FEB0452E7D05ADB055D87 /* XCRemoteSwiftPackageReference "supabase-swift" */,
				5D97B4C54018611AF74B0AAA /* XCRemoteSwiftPackageReference "stripe-ios" */,
			);
			productRefGroup = 0A2C978E52A76F0AA9F68BB5 /* Products */;
			projectDirPath = "";
			projectRoot = "";
			targets = (
				42AEFBAE01D2DFD981F7DA7D /* StickDeathInfinity */,
			);
		};
/* End PBXProject section */

/* Begin PBXResourcesBuildPhase section */
		B9C6EB6F79FC54535ACB3053 /* Resources */ = {
			isa = PBXResourcesBuildPhase;
			buildActionMask = 2147483647;
			files = (
				D0687455C07D878E9DB04308 /* Assets.xcassets in Resources */,
			);
			runOnlyForDeploymentPostprocessing = 0;
		};
/* End PBXResourcesBuildPhase section */

/* Begin PBXSourcesBuildPhase section */
		FCA229C23F166EBB0BA5029E /* Sources */ = {
			isa = PBXSourcesBuildPhase;
			buildActionMask = 2147483647;
			files = (
				7F417B5E2E9D78441B61DB3B /* MainTabView.swift in Sources */,
				CBB79EF5860BD6A76D5D3131 /* RootView.swift in Sources */,
				EDBAFCD6D6D9ED01BE8C67BF /* StickDeathInfinityApp.swift in Sources */,
				6ABDD84DF66CFFBF0D621BC5 /* ThemeManager.swift in Sources */,
				EC15240E9E3DDC8E37C2007A /* Models.swift in Sources */,
				82F4E1292134542683B1AC7F /* AIService.swift in Sources */,
				E1E588F7218E030A2D3224DA /* AdaptiveLayout.swift in Sources */,
				EB2C731EE8A1756592AEBF5A /* AssetLibrary.swift in Sources */,
				884D9528481ABA5422004144 /* AuthManager.swift in Sources */,
				87E535933195A6BDF56BAA03 /* HapticManager.swift in Sources */,
				233CC634FDAC1D5F45C27054 /* OfflineManager.swift in Sources */,
				EF001EB2C883A3D9694864E4 /* ProjectService.swift in Sources */,
				4488B1A73559895EB7028076 /* PublishService.swift in Sources */,
				26B48BB999FA8A2ED3FB5EF2 /* PushNotificationManager.swift in Sources */,
				459F93C951EEB5E25F884971 /* ReferralService.swift in Sources */,
				CD5FB166D8C9C1C9BE4E795F /* SocialAccountsManager.swift in Sources */,
				49CB79781AFF0B99CC04E54D /* SpatterService.swift in Sources */,
				A9DC2802172BB3DE6A7E3F6B /* StripeService.swift in Sources */,
				483E040088A145BF5383BC4E /* SupabaseClient.swift in Sources */,
				691D298A837E9F2E721F1C14 /* WatermarkService.swift in Sources */,
				119DD9B2CE3326DBA0C1F959 /* LoginView.swift in Sources */,
				B57D8DA76FCA64ADC2985C51 /* SignUpView.swift in Sources */,
				320438024F121C11F773E541 /* WelcomeView.swift in Sources */,
				7B48F6996E9CCE1917E91F51 /* FeedView.swift in Sources */,
				30336FF16AA3F4A1527CA4E5 /* HelpCenterView.swift in Sources */,
				EB9BF036422D8A8B3017299D /* MessagesListView.swift in Sources */,
				185FC7FC6371BC33005DE022 /* OnboardingView.swift in Sources */,
				8409B59C8D5A520AA1684FCE /* ConnectedAccountsView.swift in Sources */,
				D10ED64E048B8118FD8CD6AA /* ProfileView.swift in Sources */,
				BF9148A2CDC4DB185F0027B7 /* ReferralView.swift in Sources */,
				13F60803203EDB7F85EC358C /* AIAssistPanel.swift in Sources */,
				0982171D0BBDDAEFE4B316BD /* AssetBrowserView.swift in Sources */,
				AE81244BFD1A54418E6A67C3 /* CanvasView.swift in Sources */,
				382F311DED499DBA4AC4361B /* DrawingToolsView.swift in Sources */,
				112321D17F5253CE478DA7BC /* EditorViewModel.swift in Sources */,
				CE7F764A4EF05DD56E6C5A63 /* FramesGridView.swift in Sources */,
				2111248963EEBD0593A7CAA5 /* LayersPanel.swift in Sources */,
				50ABA2A3F5241A3DEA31F332 /* PanelHeader.swift in Sources */,
				97F377E1FF20C6D6696A8BAA /* ProjectSettingsView.swift in Sources */,
				0F64BC4BC9F9508E17CE915C /* ProjectsGalleryView.swift in Sources */,
				13DFC540E140B94A009E8CE8 /* PropertiesPanel.swift in Sources */,
				6152B2357CCFFE75096C19F4 /* PublishSheet.swift in Sources */,
				17DC81CC17100B75E46C76D1 /* SpatterStudioPanel.swift in Sources */,
				943A0C67DAAED9B5BF9C57CD /* StudioComponents.swift in Sources */,
				97CE274A5301C1ABDCEF00F6 /* StudioView.swift in Sources */,
				642F23BE0C4393C376B70827 /* TemplatesView.swift in Sources */,
				B37CC4FEA883C318684EBA0B /* TimelinePanel.swift in Sources */,
			);
			runOnlyForDeploymentPostprocessing = 0;
		};
/* End PBXSourcesBuildPhase section */

/* Begin XCBuildConfiguration section */
		1309015250E3B91A1768C480 /* Debug */ = {
			isa = XCBuildConfiguration;
			buildSettings = {
				ALWAYS_SEARCH_USER_PATHS = NO;
				CLANG_ENABLE_MODULES = YES;
				SWIFT_VERSION = 5.0;
				DEBUG_INFORMATION_FORMAT = dwarf;
				GCC_OPTIMIZATION_LEVEL = 0;
				ONLY_ACTIVE_ARCH = YES;
				SWIFT_OPTIMIZATION_LEVEL = "-Onone";
				ENABLE_TESTABILITY = YES;
				GCC_PREPROCESSOR_DEFINITIONS = (
					"DEBUG=1",
					"$(inherited)",
				);
				SDKROOT = iphoneos;
			};
			name = Debug;
		};
		7F1D4F052F77010B3189BD5A /* Release */ = {
			isa = XCBuildConfiguration;
			buildSettings = {
				ALWAYS_SEARCH_USER_PATHS = NO;
				CLANG_ENABLE_MODULES = YES;
				SWIFT_VERSION = 5.0;
				DEBUG_INFORMATION_FORMAT = "dwarf-with-dsym";
				SWIFT_OPTIMIZATION_LEVEL = "-O";
				ENABLE_NS_ASSERTIONS = NO;
				VALIDATE_PRODUCT = YES;
				SDKROOT = iphoneos;
			};
			name = Release;
		};
		D87348BDE86A31AE1A1C3907 /* Debug */ = {
			isa = XCBuildConfiguration;
			buildSettings = {
				ASSETCATALOG_COMPILER_APPICON_NAME = AppIcon;
				ASSETCATALOG_COMPILER_GLOBAL_ACCENT_COLOR_NAME = AccentColor;
				CODE_SIGN_STYLE = Automatic;
				CURRENT_PROJECT_VERSION = 1;
				GENERATE_INFOPLIST_FILE = YES;
				INFOPLIST_KEY_CFBundleDisplayName = "StickDeath ∞";
				INFOPLIST_KEY_LSApplicationCategoryType = "public.app-category.entertainment";
				INFOPLIST_KEY_UIApplicationSceneManifest_Generation = YES;
				INFOPLIST_KEY_UIApplicationSupportsIndirectInputEvents = YES;
				INFOPLIST_KEY_UILaunchScreen_Generation = YES;
				INFOPLIST_KEY_UISupportedInterfaceOrientations_iPad = "UIInterfaceOrientationPortrait UIInterfaceOrientationPortraitUpsideDown UIInterfaceOrientationLandscapeLeft UIInterfaceOrientationLandscapeRight";
				INFOPLIST_KEY_UISupportedInterfaceOrientations_iPhone = "UIInterfaceOrientationPortrait UIInterfaceOrientationLandscapeLeft UIInterfaceOrientationLandscapeRight";
				INFOPLIST_KEY_NSCameraUsageDescription = "StickDeath needs camera access to import photos for your animations.";
				INFOPLIST_KEY_NSPhotoLibraryUsageDescription = "StickDeath needs photo library access to import images into your animations.";
				IPHONEOS_DEPLOYMENT_TARGET = 17.0;
				MARKETING_VERSION = 1.0;
				PRODUCT_BUNDLE_IDENTIFIER = "com.willisnmb.stickdeathinfinity";
				PRODUCT_NAME = "$(TARGET_NAME)";
				SUPPORTED_PLATFORMS = "iphoneos iphonesimulator";
				SUPPORTS_MACCATALYST = YES;
				SWIFT_EMIT_LOC_STRINGS = YES;
				SWIFT_VERSION = 5.0;
				TARGETED_DEVICE_FAMILY = "1,2,6";
			};
			name = Debug;
		};
		024EEA213129F6CB818D8A64 /* Release */ = {
			isa = XCBuildConfiguration;
			buildSettings = {
				ASSETCATALOG_COMPILER_APPICON_NAME = AppIcon;
				ASSETCATALOG_COMPILER_GLOBAL_ACCENT_COLOR_NAME = AccentColor;
				CODE_SIGN_STYLE = Automatic;
				CURRENT_PROJECT_VERSION = 1;
				GENERATE_INFOPLIST_FILE = YES;
				INFOPLIST_KEY_CFBundleDisplayName = "StickDeath ∞";
				INFOPLIST_KEY_LSApplicationCategoryType = "public.app-category.entertainment";
				INFOPLIST_KEY_UIApplicationSceneManifest_Generation = YES;
				INFOPLIST_KEY_UIApplicationSupportsIndirectInputEvents = YES;
				INFOPLIST_KEY_UILaunchScreen_Generation = YES;
				INFOPLIST_KEY_UISupportedInterfaceOrientations_iPad = "UIInterfaceOrientationPortrait UIInterfaceOrientationPortraitUpsideDown UIInterfaceOrientationLandscapeLeft UIInterfaceOrientationLandscapeRight";
				INFOPLIST_KEY_UISupportedInterfaceOrientations_iPhone = "UIInterfaceOrientationPortrait UIInterfaceOrientationLandscapeLeft UIInterfaceOrientationLandscapeRight";
				INFOPLIST_KEY_NSCameraUsageDescription = "StickDeath needs camera access to import photos for your animations.";
				INFOPLIST_KEY_NSPhotoLibraryUsageDescription = "StickDeath needs photo library access to import images into your animations.";
				IPHONEOS_DEPLOYMENT_TARGET = 17.0;
				MARKETING_VERSION = 1.0;
				PRODUCT_BUNDLE_IDENTIFIER = "com.willisnmb.stickdeathinfinity";
				PRODUCT_NAME = "$(TARGET_NAME)";
				SUPPORTED_PLATFORMS = "iphoneos iphonesimulator";
				SUPPORTS_MACCATALYST = YES;
				SWIFT_EMIT_LOC_STRINGS = YES;
				SWIFT_VERSION = 5.0;
				TARGETED_DEVICE_FAMILY = "1,2,6";
			};
			name = Release;
		};
/* End XCBuildConfiguration section */

/* Begin XCConfigurationList section */
		1E2EF4F27A9C5D42CF8A02FE /* Build configuration list for PBXProject */ = {
			isa = XCConfigurationList;
			buildConfigurations = (
				1309015250E3B91A1768C480 /* Debug */,
				7F1D4F052F77010B3189BD5A /* Release */,
			);
			defaultConfigurationIsVisible = 0;
			defaultConfigurationName = Release;
		};
		84BD75DECF42B745CB4F39AA /* Build configuration list for PBXNativeTarget */ = {
			isa = XCConfigurationList;
			buildConfigurations = (
				D87348BDE86A31AE1A1C3907 /* Debug */,
				024EEA213129F6CB818D8A64 /* Release */,
			);
			defaultConfigurationIsVisible = 0;
			defaultConfigurationName = Release;
		};
/* End XCConfigurationList section */

/* Begin XCRemoteSwiftPackageReference section */
		2B8FEB0452E7D05ADB055D87 /* XCRemoteSwiftPackageReference "supabase-swift" */ = {
			isa = XCRemoteSwiftPackageReference;
			repositoryURL = "https://github.com/supabase/supabase-swift.git";
			requirement = {
				kind = upToNextMajorVersion;
				minimumVersion = 2.0.0;
			};
		};
		5D97B4C54018611AF74B0AAA /* XCRemoteSwiftPackageReference "stripe-ios" */ = {
			isa = XCRemoteSwiftPackageReference;
			repositoryURL = "https://github.com/stripe/stripe-ios.git";
			requirement = {
				kind = upToNextMajorVersion;
				minimumVersion = 23.0.0;
			};
		};
/* End XCRemoteSwiftPackageReference section */

/* Begin XCSwiftPackageProductDependency section */
		8935AF85AFBFD27B6ABA917C /* Supabase */ = {
			isa = XCSwiftPackageProductDependency;
			package = 2B8FEB0452E7D05ADB055D87 /* XCRemoteSwiftPackageReference "supabase-swift" */;
			productName = Supabase;
		};
		A3100A4149FE2E172CC81EA4 /* StripePaymentSheet */ = {
			isa = XCSwiftPackageProductDependency;
			package = 5D97B4C54018611AF74B0AAA /* XCRemoteSwiftPackageReference "stripe-ios" */;
			productName = StripePaymentSheet;
		};
/* End XCSwiftPackageProductDependency section */

	};
	rootObject = 46F86FAA6BBF9AC94A7E4595 /* Project object */;
}